
Microsoft Visual Studio Solution File, Format Version 12.00
# Visual Studio 2012
Project("{FAE04EC0-301F-11D3-BF4B-00C04F79EFBC}") = "TelegramClient", "TelegramClient\TelegramClient.csproj", "{CE3550C4-15BA-4212-BB5F-A9AF0059D775}"
EndProject
Project("{2150E333-8FDC-42A3-9474-1A3956D46DE8}") = ".nuget", ".nuget", "{99C5C576-3226-40E7-A022-97A16D4403F9}"
	ProjectSection(SolutionItems) = preProject
		.nuget\NuGet.Config = .nuget\NuGet.Config
		.nuget\NuGet.exe = .nuget\NuGet.exe
		.nuget\NuGet.targets = .nuget\NuGet.targets
	EndProjectSection
EndProject
Project("{FAE04EC0-301F-11D3-BF4B-00C04F79EFBC}") = "Telegram.Api", "Telegram.Api\Telegram.Api.csproj", "{0C2F1B61-A8FE-45FB-8538-AA6925A415B6}"
EndProject
Project("{FAE04EC0-301F-11D3-BF4B-00C04F79EFBC}") = "Telegram.Controls", "Telegram.Controls\Telegram.Controls.csproj", "{C1E19589-BD32-4DCF-AF58-393AD4D40B4E}"
EndProject
Project("{2150E333-8FDC-42A3-9474-1A3956D46DE8}") = "Solution Items", "Solution Items", "{23F284E7-C938-4C0A-8D9D-A4169898567C}"
EndProject
Project("{FAE04EC0-301F-11D3-BF4B-00C04F79EFBC}") = "TelegramClient.WP8", "TelegramClient.WP8\TelegramClient.WP8.csproj", "{DD748D4D-D311-4DD5-878E-AC3B400DCE2E}"
EndProject
Project("{8BC9CEB8-8B4A-11D0-8D11-00A0C91BC942}") = "TelegramClient.Opus", "TelegramClient.Opus\TelegramClient.Opus.vcxproj", "{5E327850-E16E-4642-957A-FD52BF8D3D02}"
EndProject
Project("{FAE04EC0-301F-11D3-BF4B-00C04F79EFBC}") = "TelegramClient.ScheduledTaskAgent", "TelegramClient.ScheduledTaskAgent\TelegramClient.ScheduledTaskAgent.csproj", "{218ABB75-04FB-4E0E-BBB5-69DD36B204B5}"
EndProject
Project("{FAE04EC0-301F-11D3-BF4B-00C04F79EFBC}") = "Telegram.Api.WP8", "Telegram.Api.WP8\Telegram.Api.WP8.csproj", "{E79D5093-8038-4A5F-8A98-CA38C0D0886F}"
EndProject
Project("{FAE04EC0-301F-11D3-BF4B-00C04F79EFBC}") = "TelegramClient.ScheduledTaskAgent.WP8", "TelegramClient.ScheduledTaskAgent.WP8\TelegramClient.ScheduledTaskAgent.WP8.csproj", "{30ADA306-4873-4AF3-99D3-BE57E723013C}"
EndProject
Project("{8BC9CEB8-8B4A-11D0-8D11-00A0C91BC942}") = "TelegramClient.WebP", "TelegramClient.WebP\TelegramClient.WebP.vcxproj", "{FAE12FD9-EDCA-433E-AD11-F1663A998F35}"
EndProject
Project("{FAE04EC0-301F-11D3-BF4B-00C04F79EFBC}") = "ExifLib", "ExifLib\ExifLib.csproj", "{1E7F202B-8830-42F6-BCDA-2A6C590A7E10}"
EndProject
Project("{FAE04EC0-301F-11D3-BF4B-00C04F79EFBC}") = "TelegramClient.Player", "TelegramClient.Player\TelegramClient.Player.csproj", "{C5F29433-1957-4C9E-A7D6-56E52A89AFA4}"
EndProject
Global
	GlobalSection(SubversionScc) = preSolution
		Svn-Managed = True
		Manager = AnkhSVN - Subversion Support for Visual Studio
	EndGlobalSection
	GlobalSection(SolutionConfigurationPlatforms) = preSolution
		Debug Private Beta|Any CPU = Debug Private Beta|Any CPU
		Debug Private Beta|ARM = Debug Private Beta|ARM
		Debug Private Beta|Mixed Platforms = Debug Private Beta|Mixed Platforms
		Debug Private Beta|Win32 = Debug Private Beta|Win32
		Debug Private Beta|x64 = Debug Private Beta|x64
		Debug Private Beta|x86 = Debug Private Beta|x86
		Debug|Any CPU = Debug|Any CPU
		Debug|ARM = Debug|ARM
		Debug|Mixed Platforms = Debug|Mixed Platforms
		Debug|Win32 = Debug|Win32
		Debug|x64 = Debug|x64
		Debug|x86 = Debug|x86
		Release Private Beta|Any CPU = Release Private Beta|Any CPU
		Release Private Beta|ARM = Release Private Beta|ARM
		Release Private Beta|Mixed Platforms = Release Private Beta|Mixed Platforms
		Release Private Beta|Win32 = Release Private Beta|Win32
		Release Private Beta|x64 = Release Private Beta|x64
		Release Private Beta|x86 = Release Private Beta|x86
		Release|Any CPU = Release|Any CPU
		Release|ARM = Release|ARM
		Release|Mixed Platforms = Release|Mixed Platforms
		Release|Win32 = Release|Win32
		Release|x64 = Release|x64
		Release|x86 = Release|x86
	EndGlobalSection
	GlobalSection(ProjectConfigurationPlatforms) = postSolution
		{CE3550C4-15BA-4212-BB5F-A9AF0059D775}.Debug Private Beta|Any CPU.ActiveCfg = Debug Private Beta|Any CPU
		{CE3550C4-15BA-4212-BB5F-A9AF0059D775}.Debug Private Beta|Any CPU.Build.0 = Debug Private Beta|Any CPU
		{CE3550C4-15BA-4212-BB5F-A9AF0059D775}.Debug Private Beta|Any CPU.Deploy.0 = Debug Private Beta|Any CPU
		{CE3550C4-15BA-4212-BB5F-A9AF0059D775}.Debug Private Beta|ARM.ActiveCfg = Debug Private Beta|Any CPU
		{CE3550C4-15BA-4212-BB5F-A9AF0059D775}.Debug Private Beta|Mixed Platforms.ActiveCfg = Debug Private Beta|Any CPU
		{CE3550C4-15BA-4212-BB5F-A9AF0059D775}.Debug Private Beta|Mixed Platforms.Build.0 = Debug Private Beta|Any CPU
		{CE3550C4-15BA-4212-BB5F-A9AF0059D775}.Debug Private Beta|Mixed Platforms.Deploy.0 = Debug Private Beta|Any CPU
		{CE3550C4-15BA-4212-BB5F-A9AF0059D775}.Debug Private Beta|Win32.ActiveCfg = Debug Private Beta|Any CPU
		{CE3550C4-15BA-4212-BB5F-A9AF0059D775}.Debug Private Beta|x64.ActiveCfg = Debug Private Beta|Any CPU
		{CE3550C4-15BA-4212-BB5F-A9AF0059D775}.Debug Private Beta|x86.ActiveCfg = Debug Private Beta|Any CPU
		{CE3550C4-15BA-4212-BB5F-A9AF0059D775}.Debug|Any CPU.ActiveCfg = Debug|Any CPU
		{CE3550C4-15BA-4212-BB5F-A9AF0059D775}.Debug|Any CPU.Build.0 = Debug|Any CPU
		{CE3550C4-15BA-4212-BB5F-A9AF0059D775}.Debug|Any CPU.Deploy.0 = Debug|Any CPU
		{CE3550C4-15BA-4212-BB5F-A9AF0059D775}.Debug|ARM.ActiveCfg = Debug|Any CPU
		{CE3550C4-15BA-4212-BB5F-A9AF0059D775}.Debug|ARM.Build.0 = Debug|Any CPU
		{CE3550C4-15BA-4212-BB5F-A9AF0059D775}.Debug|ARM.Deploy.0 = Debug|Any CPU
		{CE3550C4-15BA-4212-BB5F-A9AF0059D775}.Debug|Mixed Platforms.ActiveCfg = Debug|Any CPU
		{CE3550C4-15BA-4212-BB5F-A9AF0059D775}.Debug|Mixed Platforms.Build.0 = Debug|Any CPU
		{CE3550C4-15BA-4212-BB5F-A9AF0059D775}.Debug|Mixed Platforms.Deploy.0 = Debug|Any CPU
		{CE3550C4-15BA-4212-BB5F-A9AF0059D775}.Debug|Win32.ActiveCfg = Debug|Any CPU
		{CE3550C4-15BA-4212-BB5F-A9AF0059D775}.Debug|x64.ActiveCfg = Debug|Any CPU
		{CE3550C4-15BA-4212-BB5F-A9AF0059D775}.Debug|x86.ActiveCfg = Debug|Any CPU
		{CE3550C4-15BA-4212-BB5F-A9AF0059D775}.Release Private Beta|Any CPU.ActiveCfg = Release Private Beta|Any CPU
		{CE3550C4-15BA-4212-BB5F-A9AF0059D775}.Release Private Beta|Any CPU.Build.0 = Release Private Beta|Any CPU
		{CE3550C4-15BA-4212-BB5F-A9AF0059D775}.Release Private Beta|Any CPU.Deploy.0 = Release Private Beta|Any CPU
		{CE3550C4-15BA-4212-BB5F-A9AF0059D775}.Release Private Beta|ARM.ActiveCfg = Release Private Beta|Any CPU
		{CE3550C4-15BA-4212-BB5F-A9AF0059D775}.Release Private Beta|ARM.Build.0 = Release Private Beta|Any CPU
		{CE3550C4-15BA-4212-BB5F-A9AF0059D775}.Release Private Beta|Mixed Platforms.ActiveCfg = Release Private Beta|Any CPU
		{CE3550C4-15BA-4212-BB5F-A9AF0059D775}.Release Private Beta|Mixed Platforms.Build.0 = Release Private Beta|Any CPU
		{CE3550C4-15BA-4212-BB5F-A9AF0059D775}.Release Private Beta|Mixed Platforms.Deploy.0 = Release Private Beta|Any CPU
		{CE3550C4-15BA-4212-BB5F-A9AF0059D775}.Release Private Beta|Win32.ActiveCfg = Release Private Beta|Any CPU
		{CE3550C4-15BA-4212-BB5F-A9AF0059D775}.Release Private Beta|x64.ActiveCfg = Release Private Beta|Any CPU
		{CE3550C4-15BA-4212-BB5F-A9AF0059D775}.Release Private Beta|x86.ActiveCfg = Release Private Beta|Any CPU
		{CE3550C4-15BA-4212-BB5F-A9AF0059D775}.Release|Any CPU.ActiveCfg = Release|Any CPU
		{CE3550C4-15BA-4212-BB5F-A9AF0059D775}.Release|Any CPU.Build.0 = Release|Any CPU
		{CE3550C4-15BA-4212-BB5F-A9AF0059D775}.Release|Any CPU.Deploy.0 = Release|Any CPU
		{CE3550C4-15BA-4212-BB5F-A9AF0059D775}.Release|ARM.ActiveCfg = Release|Any CPU
		{CE3550C4-15BA-4212-BB5F-A9AF0059D775}.Release|ARM.Build.0 = Release|Any CPU
		{CE3550C4-15BA-4212-BB5F-A9AF0059D775}.Release|Mixed Platforms.ActiveCfg = Release|Any CPU
		{CE3550C4-15BA-4212-BB5F-A9AF0059D775}.Release|Mixed Platforms.Build.0 = Release|Any CPU
		{CE3550C4-15BA-4212-BB5F-A9AF0059D775}.Release|Mixed Platforms.Deploy.0 = Release|Any CPU
		{CE3550C4-15BA-4212-BB5F-A9AF0059D775}.Release|Win32.ActiveCfg = Release|Any CPU
		{CE3550C4-15BA-4212-BB5F-A9AF0059D775}.Release|x64.ActiveCfg = Release|Any CPU
		{CE3550C4-15BA-4212-BB5F-A9AF0059D775}.Release|x86.ActiveCfg = Release|Any CPU
		{0C2F1B61-A8FE-45FB-8538-AA6925A415B6}.Debug Private Beta|Any CPU.ActiveCfg = Debug Private Beta|Any CPU
		{0C2F1B61-A8FE-45FB-8538-AA6925A415B6}.Debug Private Beta|Any CPU.Build.0 = Debug Private Beta|Any CPU
		{0C2F1B61-A8FE-45FB-8538-AA6925A415B6}.Debug Private Beta|ARM.ActiveCfg = Debug Private Beta|Any CPU
		{0C2F1B61-A8FE-45FB-8538-AA6925A415B6}.Debug Private Beta|ARM.Build.0 = Debug Private Beta|Any CPU
		{0C2F1B61-A8FE-45FB-8538-AA6925A415B6}.Debug Private Beta|Mixed Platforms.ActiveCfg = Debug Private Beta|Any CPU
		{0C2F1B61-A8FE-45FB-8538-AA6925A415B6}.Debug Private Beta|Mixed Platforms.Build.0 = Debug Private Beta|Any CPU
		{0C2F1B61-A8FE-45FB-8538-AA6925A415B6}.Debug Private Beta|Win32.ActiveCfg = Debug Private Beta|Any CPU
		{0C2F1B61-A8FE-45FB-8538-AA6925A415B6}.Debug Private Beta|x64.ActiveCfg = Debug Private Beta|Any CPU
		{0C2F1B61-A8FE-45FB-8538-AA6925A415B6}.Debug Private Beta|x86.ActiveCfg = Debug Private Beta|Any CPU
		{0C2F1B61-A8FE-45FB-8538-AA6925A415B6}.Debug|Any CPU.ActiveCfg = Debug|Any CPU
		{0C2F1B61-A8FE-45FB-8538-AA6925A415B6}.Debug|Any CPU.Build.0 = Debug|Any CPU
		{0C2F1B61-A8FE-45FB-8538-AA6925A415B6}.Debug|ARM.ActiveCfg = Debug|Any CPU
		{0C2F1B61-A8FE-45FB-8538-AA6925A415B6}.Debug|ARM.Build.0 = Debug|Any CPU
		{0C2F1B61-A8FE-45FB-8538-AA6925A415B6}.Debug|Mixed Platforms.ActiveCfg = Debug|Any CPU
		{0C2F1B61-A8FE-45FB-8538-AA6925A415B6}.Debug|Mixed Platforms.Build.0 = Debug|Any CPU
		{0C2F1B61-A8FE-45FB-8538-AA6925A415B6}.Debug|Win32.ActiveCfg = Debug|Any CPU
		{0C2F1B61-A8FE-45FB-8538-AA6925A415B6}.Debug|x64.ActiveCfg = Debug|Any CPU
		{0C2F1B61-A8FE-45FB-8538-AA6925A415B6}.Debug|x86.ActiveCfg = Debug|Any CPU
		{0C2F1B61-A8FE-45FB-8538-AA6925A415B6}.Release Private Beta|Any CPU.ActiveCfg = Release Private Beta|Any CPU
		{0C2F1B61-A8FE-45FB-8538-AA6925A415B6}.Release Private Beta|Any CPU.Build.0 = Release Private Beta|Any CPU
		{0C2F1B61-A8FE-45FB-8538-AA6925A415B6}.Release Private Beta|ARM.ActiveCfg = Release Private Beta|Any CPU
		{0C2F1B61-A8FE-45FB-8538-AA6925A415B6}.Release Private Beta|ARM.Build.0 = Release Private Beta|Any CPU
		{0C2F1B61-A8FE-45FB-8538-AA6925A415B6}.Release Private Beta|Mixed Platforms.ActiveCfg = Release Private Beta|Any CPU
		{0C2F1B61-A8FE-45FB-8538-AA6925A415B6}.Release Private Beta|Mixed Platforms.Build.0 = Release Private Beta|Any CPU
		{0C2F1B61-A8FE-45FB-8538-AA6925A415B6}.Release Private Beta|Win32.ActiveCfg = Release Private Beta|Any CPU
		{0C2F1B61-A8FE-45FB-8538-AA6925A415B6}.Release Private Beta|x64.ActiveCfg = Release Private Beta|Any CPU
		{0C2F1B61-A8FE-45FB-8538-AA6925A415B6}.Release Private Beta|x86.ActiveCfg = Release Private Beta|Any CPU
		{0C2F1B61-A8FE-45FB-8538-AA6925A415B6}.Release|Any CPU.ActiveCfg = Release|Any CPU
		{0C2F1B61-A8FE-45FB-8538-AA6925A415B6}.Release|Any CPU.Build.0 = Release|Any CPU
		{0C2F1B61-A8FE-45FB-8538-AA6925A415B6}.Release|ARM.ActiveCfg = Release|Any CPU
		{0C2F1B61-A8FE-45FB-8538-AA6925A415B6}.Release|ARM.Build.0 = Release|Any CPU
		{0C2F1B61-A8FE-45FB-8538-AA6925A415B6}.Release|Mixed Platforms.ActiveCfg = Release|Any CPU
		{0C2F1B61-A8FE-45FB-8538-AA6925A415B6}.Release|Mixed Platforms.Build.0 = Release|Any CPU
		{0C2F1B61-A8FE-45FB-8538-AA6925A415B6}.Release|Win32.ActiveCfg = Release|Any CPU
		{0C2F1B61-A8FE-45FB-8538-AA6925A415B6}.Release|x64.ActiveCfg = Release|Any CPU
		{0C2F1B61-A8FE-45FB-8538-AA6925A415B6}.Release|x86.ActiveCfg = Release|Any CPU
		{C1E19589-BD32-4DCF-AF58-393AD4D40B4E}.Debug Private Beta|Any CPU.ActiveCfg = Debug Private Beta|Any CPU
		{C1E19589-BD32-4DCF-AF58-393AD4D40B4E}.Debug Private Beta|Any CPU.Build.0 = Debug Private Beta|Any CPU
		{C1E19589-BD32-4DCF-AF58-393AD4D40B4E}.Debug Private Beta|ARM.ActiveCfg = Debug Private Beta|Any CPU
		{C1E19589-BD32-4DCF-AF58-393AD4D40B4E}.Debug Private Beta|ARM.Build.0 = Debug Private Beta|Any CPU
		{C1E19589-BD32-4DCF-AF58-393AD4D40B4E}.Debug Private Beta|Mixed Platforms.ActiveCfg = Debug Private Beta|Any CPU
		{C1E19589-BD32-4DCF-AF58-393AD4D40B4E}.Debug Private Beta|Mixed Platforms.Build.0 = Debug Private Beta|Any CPU
		{C1E19589-BD32-4DCF-AF58-393AD4D40B4E}.Debug Private Beta|Win32.ActiveCfg = Debug Private Beta|Any CPU
		{C1E19589-BD32-4DCF-AF58-393AD4D40B4E}.Debug Private Beta|x64.ActiveCfg = Debug Private Beta|Any CPU
		{C1E19589-BD32-4DCF-AF58-393AD4D40B4E}.Debug Private Beta|x86.ActiveCfg = Debug Private Beta|Any CPU
		{C1E19589-BD32-4DCF-AF58-393AD4D40B4E}.Debug|Any CPU.ActiveCfg = Debug|Any CPU
		{C1E19589-BD32-4DCF-AF58-393AD4D40B4E}.Debug|Any CPU.Build.0 = Debug|Any CPU
		{C1E19589-BD32-4DCF-AF58-393AD4D40B4E}.Debug|ARM.ActiveCfg = Debug|Any CPU
		{C1E19589-BD32-4DCF-AF58-393AD4D40B4E}.Debug|ARM.Build.0 = Debug|Any CPU
		{C1E19589-BD32-4DCF-AF58-393AD4D40B4E}.Debug|Mixed Platforms.ActiveCfg = Debug|Any CPU
		{C1E19589-BD32-4DCF-AF58-393AD4D40B4E}.Debug|Mixed Platforms.Build.0 = Debug|Any CPU
		{C1E19589-BD32-4DCF-AF58-393AD4D40B4E}.Debug|Win32.ActiveCfg = Debug|Any CPU
		{C1E19589-BD32-4DCF-AF58-393AD4D40B4E}.Debug|x64.ActiveCfg = Debug|Any CPU
		{C1E19589-BD32-4DCF-AF58-393AD4D40B4E}.Debug|x86.ActiveCfg = Debug|Any CPU
		{C1E19589-BD32-4DCF-AF58-393AD4D40B4E}.Release Private Beta|Any CPU.ActiveCfg = Release Private Beta|Any CPU
		{C1E19589-BD32-4DCF-AF58-393AD4D40B4E}.Release Private Beta|Any CPU.Build.0 = Release Private Beta|Any CPU
		{C1E19589-BD32-4DCF-AF58-393AD4D40B4E}.Release Private Beta|ARM.ActiveCfg = Release Private Beta|Any CPU
		{C1E19589-BD32-4DCF-AF58-393AD4D40B4E}.Release Private Beta|ARM.Build.0 = Release Private Beta|Any CPU
		{C1E19589-BD32-4DCF-AF58-393AD4D40B4E}.Release Private Beta|Mixed Platforms.ActiveCfg = Release Private Beta|Any CPU
		{C1E19589-BD32-4DCF-AF58-393AD4D40B4E}.Release Private Beta|Mixed Platforms.Build.0 = Release Private Beta|Any CPU
		{C1E19589-BD32-4DCF-AF58-393AD4D40B4E}.Release Private Beta|Win32.ActiveCfg = Release Private Beta|Any CPU
		{C1E19589-BD32-4DCF-AF58-393AD4D40B4E}.Release Private Beta|x64.ActiveCfg = Release Private Beta|Any CPU
		{C1E19589-BD32-4DCF-AF58-393AD4D40B4E}.Release Private Beta|x86.ActiveCfg = Release Private Beta|Any CPU
		{C1E19589-BD32-4DCF-AF58-393AD4D40B4E}.Release|Any CPU.ActiveCfg = Release|Any CPU
		{C1E19589-BD32-4DCF-AF58-393AD4D40B4E}.Release|Any CPU.Build.0 = Release|Any CPU
		{C1E19589-BD32-4DCF-AF58-393AD4D40B4E}.Release|ARM.ActiveCfg = Release|Any CPU
		{C1E19589-BD32-4DCF-AF58-393AD4D40B4E}.Release|ARM.Build.0 = Release|Any CPU
		{C1E19589-BD32-4DCF-AF58-393AD4D40B4E}.Release|Mixed Platforms.ActiveCfg = Release|Any CPU
		{C1E19589-BD32-4DCF-AF58-393AD4D40B4E}.Release|Mixed Platforms.Build.0 = Release|Any CPU
		{C1E19589-BD32-4DCF-AF58-393AD4D40B4E}.Release|Win32.ActiveCfg = Release|Any CPU
		{C1E19589-BD32-4DCF-AF58-393AD4D40B4E}.Release|x64.ActiveCfg = Release|Any CPU
		{C1E19589-BD32-4DCF-AF58-393AD4D40B4E}.Release|x86.ActiveCfg = Release|Any CPU
		{DD748D4D-D311-4DD5-878E-AC3B400DCE2E}.Debug Private Beta|Any CPU.ActiveCfg = Debug Private Beta|Any CPU
		{DD748D4D-D311-4DD5-878E-AC3B400DCE2E}.Debug Private Beta|Any CPU.Build.0 = Debug Private Beta|Any CPU
		{DD748D4D-D311-4DD5-878E-AC3B400DCE2E}.Debug Private Beta|Any CPU.Deploy.0 = Debug Private Beta|Any CPU
		{DD748D4D-D311-4DD5-878E-AC3B400DCE2E}.Debug Private Beta|ARM.ActiveCfg = Debug Private Beta|ARM
		{DD748D4D-D311-4DD5-878E-AC3B400DCE2E}.Debug Private Beta|ARM.Build.0 = Debug Private Beta|ARM
		{DD748D4D-D311-4DD5-878E-AC3B400DCE2E}.Debug Private Beta|ARM.Deploy.0 = Debug Private Beta|ARM
		{DD748D4D-D311-4DD5-878E-AC3B400DCE2E}.Debug Private Beta|Mixed Platforms.ActiveCfg = Debug Private Beta|x86
		{DD748D4D-D311-4DD5-878E-AC3B400DCE2E}.Debug Private Beta|Mixed Platforms.Build.0 = Debug Private Beta|x86
		{DD748D4D-D311-4DD5-878E-AC3B400DCE2E}.Debug Private Beta|Mixed Platforms.Deploy.0 = Debug Private Beta|x86
		{DD748D4D-D311-4DD5-878E-AC3B400DCE2E}.Debug Private Beta|Win32.ActiveCfg = Debug Private Beta|x86
		{DD748D4D-D311-4DD5-878E-AC3B400DCE2E}.Debug Private Beta|Win32.Build.0 = Debug Private Beta|x86
		{DD748D4D-D311-4DD5-878E-AC3B400DCE2E}.Debug Private Beta|Win32.Deploy.0 = Debug Private Beta|x86
		{DD748D4D-D311-4DD5-878E-AC3B400DCE2E}.Debug Private Beta|x64.ActiveCfg = Debug Private Beta|Any CPU
		{DD748D4D-D311-4DD5-878E-AC3B400DCE2E}.Debug Private Beta|x86.ActiveCfg = Debug Private Beta|x86
		{DD748D4D-D311-4DD5-878E-AC3B400DCE2E}.Debug Private Beta|x86.Build.0 = Debug Private Beta|x86
		{DD748D4D-D311-4DD5-878E-AC3B400DCE2E}.Debug Private Beta|x86.Deploy.0 = Debug Private Beta|x86
		{DD748D4D-D311-4DD5-878E-AC3B400DCE2E}.Debug|Any CPU.ActiveCfg = Debug|Any CPU
		{DD748D4D-D311-4DD5-878E-AC3B400DCE2E}.Debug|Any CPU.Build.0 = Debug|Any CPU
		{DD748D4D-D311-4DD5-878E-AC3B400DCE2E}.Debug|Any CPU.Deploy.0 = Debug|Any CPU
		{DD748D4D-D311-4DD5-878E-AC3B400DCE2E}.Debug|ARM.ActiveCfg = Debug|ARM
		{DD748D4D-D311-4DD5-878E-AC3B400DCE2E}.Debug|ARM.Build.0 = Debug|ARM
		{DD748D4D-D311-4DD5-878E-AC3B400DCE2E}.Debug|ARM.Deploy.0 = Debug|ARM
		{DD748D4D-D311-4DD5-878E-AC3B400DCE2E}.Debug|Mixed Platforms.ActiveCfg = Debug|x86
		{DD748D4D-D311-4DD5-878E-AC3B400DCE2E}.Debug|Win32.ActiveCfg = Debug|x86
		{DD748D4D-D311-4DD5-878E-AC3B400DCE2E}.Debug|Win32.Build.0 = Debug|x86
		{DD748D4D-D311-4DD5-878E-AC3B400DCE2E}.Debug|Win32.Deploy.0 = Debug|x86
		{DD748D4D-D311-4DD5-878E-AC3B400DCE2E}.Debug|x64.ActiveCfg = Debug|Any CPU
		{DD748D4D-D311-4DD5-878E-AC3B400DCE2E}.Debug|x86.ActiveCfg = Debug|x86
		{DD748D4D-D311-4DD5-878E-AC3B400DCE2E}.Debug|x86.Build.0 = Debug|x86
		{DD748D4D-D311-4DD5-878E-AC3B400DCE2E}.Debug|x86.Deploy.0 = Debug|x86
		{DD748D4D-D311-4DD5-878E-AC3B400DCE2E}.Release Private Beta|Any CPU.ActiveCfg = Release Private Beta|Any CPU
		{DD748D4D-D311-4DD5-878E-AC3B400DCE2E}.Release Private Beta|Any CPU.Build.0 = Release Private Beta|Any CPU
		{DD748D4D-D311-4DD5-878E-AC3B400DCE2E}.Release Private Beta|Any CPU.Deploy.0 = Release Private Beta|Any CPU
		{DD748D4D-D311-4DD5-878E-AC3B400DCE2E}.Release Private Beta|ARM.ActiveCfg = Release Private Beta|ARM
		{DD748D4D-D311-4DD5-878E-AC3B400DCE2E}.Release Private Beta|ARM.Build.0 = Release Private Beta|ARM
		{DD748D4D-D311-4DD5-878E-AC3B400DCE2E}.Release Private Beta|ARM.Deploy.0 = Release Private Beta|ARM
		{DD748D4D-D311-4DD5-878E-AC3B400DCE2E}.Release Private Beta|Mixed Platforms.ActiveCfg = Release Private Beta|x86
		{DD748D4D-D311-4DD5-878E-AC3B400DCE2E}.Release Private Beta|Mixed Platforms.Build.0 = Release Private Beta|x86
		{DD748D4D-D311-4DD5-878E-AC3B400DCE2E}.Release Private Beta|Mixed Platforms.Deploy.0 = Release Private Beta|x86
		{DD748D4D-D311-4DD5-878E-AC3B400DCE2E}.Release Private Beta|Win32.ActiveCfg = Release Private Beta|x86
		{DD748D4D-D311-4DD5-878E-AC3B400DCE2E}.Release Private Beta|Win32.Build.0 = Release Private Beta|x86
		{DD748D4D-D311-4DD5-878E-AC3B400DCE2E}.Release Private Beta|Win32.Deploy.0 = Release Private Beta|x86
		{DD748D4D-D311-4DD5-878E-AC3B400DCE2E}.Release Private Beta|x64.ActiveCfg = Release Private Beta|Any CPU
		{DD748D4D-D311-4DD5-878E-AC3B400DCE2E}.Release Private Beta|x86.ActiveCfg = Release Private Beta|x86
		{DD748D4D-D311-4DD5-878E-AC3B400DCE2E}.Release Private Beta|x86.Build.0 = Release Private Beta|x86
		{DD748D4D-D311-4DD5-878E-AC3B400DCE2E}.Release Private Beta|x86.Deploy.0 = Release Private Beta|x86
		{DD748D4D-D311-4DD5-878E-AC3B400DCE2E}.Release|Any CPU.ActiveCfg = Release|Any CPU
		{DD748D4D-D311-4DD5-878E-AC3B400DCE2E}.Release|Any CPU.Build.0 = Release|Any CPU
		{DD748D4D-D311-4DD5-878E-AC3B400DCE2E}.Release|Any CPU.Deploy.0 = Release|Any CPU
		{DD748D4D-D311-4DD5-878E-AC3B400DCE2E}.Release|ARM.ActiveCfg = Release|ARM
		{DD748D4D-D311-4DD5-878E-AC3B400DCE2E}.Release|ARM.Build.0 = Release|ARM
		{DD748D4D-D311-4DD5-878E-AC3B400DCE2E}.Release|ARM.Deploy.0 = Release|ARM
		{DD748D4D-D311-4DD5-878E-AC3B400DCE2E}.Release|Mixed Platforms.ActiveCfg = Release|x86
		{DD748D4D-D311-4DD5-878E-AC3B400DCE2E}.Release|Mixed Platforms.Build.0 = Release|x86
		{DD748D4D-D311-4DD5-878E-AC3B400DCE2E}.Release|Mixed Platforms.Deploy.0 = Release|x86
		{DD748D4D-D311-4DD5-878E-AC3B400DCE2E}.Release|Win32.ActiveCfg = Release|x86
		{DD748D4D-D311-4DD5-878E-AC3B400DCE2E}.Release|Win32.Build.0 = Release|x86
		{DD748D4D-D311-4DD5-878E-AC3B400DCE2E}.Release|Win32.Deploy.0 = Release|x86
		{DD748D4D-D311-4DD5-878E-AC3B400DCE2E}.Release|x64.ActiveCfg = Release|Any CPU
		{DD748D4D-D311-4DD5-878E-AC3B400DCE2E}.Release|x86.ActiveCfg = Release|x86
		{DD748D4D-D311-4DD5-878E-AC3B400DCE2E}.Release|x86.Build.0 = Release|x86
		{DD748D4D-D311-4DD5-878E-AC3B400DCE2E}.Release|x86.Deploy.0 = Release|x86
		{5E327850-E16E-4642-957A-FD52BF8D3D02}.Debug Private Beta|Any CPU.ActiveCfg = Debug|Win32
		{5E327850-E16E-4642-957A-FD52BF8D3D02}.Debug Private Beta|ARM.ActiveCfg = Debug|ARM
		{5E327850-E16E-4642-957A-FD52BF8D3D02}.Debug Private Beta|ARM.Build.0 = Debug|ARM
		{5E327850-E16E-4642-957A-FD52BF8D3D02}.Debug Private Beta|Mixed Platforms.ActiveCfg = Debug|Win32
		{5E327850-E16E-4642-957A-FD52BF8D3D02}.Debug Private Beta|Mixed Platforms.Build.0 = Debug|Win32
		{5E327850-E16E-4642-957A-FD52BF8D3D02}.Debug Private Beta|Win32.ActiveCfg = Debug|Win32
		{5E327850-E16E-4642-957A-FD52BF8D3D02}.Debug Private Beta|Win32.Build.0 = Debug|Win32
		{5E327850-E16E-4642-957A-FD52BF8D3D02}.Debug Private Beta|x64.ActiveCfg = Debug|Win32
		{5E327850-E16E-4642-957A-FD52BF8D3D02}.Debug Private Beta|x86.ActiveCfg = Debug|Win32
		{5E327850-E16E-4642-957A-FD52BF8D3D02}.Debug Private Beta|x86.Build.0 = Debug|Win32
		{5E327850-E16E-4642-957A-FD52BF8D3D02}.Debug|Any CPU.ActiveCfg = Debug|Win32
		{5E327850-E16E-4642-957A-FD52BF8D3D02}.Debug|ARM.ActiveCfg = Debug|ARM
		{5E327850-E16E-4642-957A-FD52BF8D3D02}.Debug|ARM.Build.0 = Debug|ARM
		{5E327850-E16E-4642-957A-FD52BF8D3D02}.Debug|Mixed Platforms.ActiveCfg = Debug|Win32
		{5E327850-E16E-4642-957A-FD52BF8D3D02}.Debug|Win32.ActiveCfg = Debug|Win32
		{5E327850-E16E-4642-957A-FD52BF8D3D02}.Debug|Win32.Build.0 = Debug|Win32
		{5E327850-E16E-4642-957A-FD52BF8D3D02}.Debug|x64.ActiveCfg = Debug|Win32
		{5E327850-E16E-4642-957A-FD52BF8D3D02}.Debug|x86.ActiveCfg = Debug|Win32
		{5E327850-E16E-4642-957A-FD52BF8D3D02}.Debug|x86.Build.0 = Debug|Win32
		{5E327850-E16E-4642-957A-FD52BF8D3D02}.Release Private Beta|Any CPU.ActiveCfg = Release|Win32
		{5E327850-E16E-4642-957A-FD52BF8D3D02}.Release Private Beta|ARM.ActiveCfg = Release|ARM
		{5E327850-E16E-4642-957A-FD52BF8D3D02}.Release Private Beta|ARM.Build.0 = Release|ARM
		{5E327850-E16E-4642-957A-FD52BF8D3D02}.Release Private Beta|Mixed Platforms.ActiveCfg = Release|Win32
		{5E327850-E16E-4642-957A-FD52BF8D3D02}.Release Private Beta|Mixed Platforms.Build.0 = Release|Win32
		{5E327850-E16E-4642-957A-FD52BF8D3D02}.Release Private Beta|Win32.ActiveCfg = Release|Win32
		{5E327850-E16E-4642-957A-FD52BF8D3D02}.Release Private Beta|Win32.Build.0 = Release|Win32
		{5E327850-E16E-4642-957A-FD52BF8D3D02}.Release Private Beta|x64.ActiveCfg = Release|Win32
		{5E327850-E16E-4642-957A-FD52BF8D3D02}.Release Private Beta|x86.ActiveCfg = Release|Win32
		{5E327850-E16E-4642-957A-FD52BF8D3D02}.Release Private Beta|x86.Build.0 = Release|Win32
		{5E327850-E16E-4642-957A-FD52BF8D3D02}.Release|Any CPU.ActiveCfg = Release|Win32
		{5E327850-E16E-4642-957A-FD52BF8D3D02}.Release|ARM.ActiveCfg = Release|ARM
		{5E327850-E16E-4642-957A-FD52BF8D3D02}.Release|ARM.Build.0 = Release|ARM
		{5E327850-E16E-4642-957A-FD52BF8D3D02}.Release|Mixed Platforms.ActiveCfg = Release|Win32
		{5E327850-E16E-4642-957A-FD52BF8D3D02}.Release|Mixed Platforms.Build.0 = Release|Win32
		{5E327850-E16E-4642-957A-FD52BF8D3D02}.Release|Win32.ActiveCfg = Release|Win32
		{5E327850-E16E-4642-957A-FD52BF8D3D02}.Release|Win32.Build.0 = Release|Win32
		{5E327850-E16E-4642-957A-FD52BF8D3D02}.Release|x64.ActiveCfg = Release|Win32
		{5E327850-E16E-4642-957A-FD52BF8D3D02}.Release|x86.ActiveCfg = Release|Win32
		{5E327850-E16E-4642-957A-FD52BF8D3D02}.Release|x86.Build.0 = Release|Win32
		{218ABB75-04FB-4E0E-BBB5-69DD36B204B5}.Debug Private Beta|Any CPU.ActiveCfg = Debug|Any CPU
		{218ABB75-04FB-4E0E-BBB5-69DD36B204B5}.Debug Private Beta|Any CPU.Build.0 = Debug|Any CPU
		{218ABB75-04FB-4E0E-BBB5-69DD36B204B5}.Debug Private Beta|ARM.ActiveCfg = Debug|Any CPU
		{218ABB75-04FB-4E0E-BBB5-69DD36B204B5}.Debug Private Beta|Mixed Platforms.ActiveCfg = Debug|Any CPU
		{218ABB75-04FB-4E0E-BBB5-69DD36B204B5}.Debug Private Beta|Mixed Platforms.Build.0 = Debug|Any CPU
		{218ABB75-04FB-4E0E-BBB5-69DD36B204B5}.Debug Private Beta|Win32.ActiveCfg = Debug|Any CPU
		{218ABB75-04FB-4E0E-BBB5-69DD36B204B5}.Debug Private Beta|x64.ActiveCfg = Debug|Any CPU
		{218ABB75-04FB-4E0E-BBB5-69DD36B204B5}.Debug Private Beta|x86.ActiveCfg = Debug|Any CPU
		{218ABB75-04FB-4E0E-BBB5-69DD36B204B5}.Debug|Any CPU.ActiveCfg = Debug|Any CPU
		{218ABB75-04FB-4E0E-BBB5-69DD36B204B5}.Debug|Any CPU.Build.0 = Debug|Any CPU
		{218ABB75-04FB-4E0E-BBB5-69DD36B204B5}.Debug|ARM.ActiveCfg = Debug|Any CPU
		{218ABB75-04FB-4E0E-BBB5-69DD36B204B5}.Debug|Mixed Platforms.ActiveCfg = Debug|Any CPU
		{218ABB75-04FB-4E0E-BBB5-69DD36B204B5}.Debug|Mixed Platforms.Build.0 = Debug|Any CPU
		{218ABB75-04FB-4E0E-BBB5-69DD36B204B5}.Debug|Win32.ActiveCfg = Debug|Any CPU
		{218ABB75-04FB-4E0E-BBB5-69DD36B204B5}.Debug|x64.ActiveCfg = Debug|Any CPU
		{218ABB75-04FB-4E0E-BBB5-69DD36B204B5}.Debug|x86.ActiveCfg = Debug|Any CPU
		{218ABB75-04FB-4E0E-BBB5-69DD36B204B5}.Release Private Beta|Any CPU.ActiveCfg = Release|Any CPU
		{218ABB75-04FB-4E0E-BBB5-69DD36B204B5}.Release Private Beta|Any CPU.Build.0 = Release|Any CPU
		{218ABB75-04FB-4E0E-BBB5-69DD36B204B5}.Release Private Beta|ARM.ActiveCfg = Release|Any CPU
		{218ABB75-04FB-4E0E-BBB5-69DD36B204B5}.Release Private Beta|Mixed Platforms.ActiveCfg = Release|Any CPU
		{218ABB75-04FB-4E0E-BBB5-69DD36B204B5}.Release Private Beta|Mixed Platforms.Build.0 = Release|Any CPU
		{218ABB75-04FB-4E0E-BBB5-69DD36B204B5}.Release Private Beta|Win32.ActiveCfg = Release|Any CPU
		{218ABB75-04FB-4E0E-BBB5-69DD36B204B5}.Release Private Beta|x64.ActiveCfg = Release|Any CPU
		{218ABB75-04FB-4E0E-BBB5-69DD36B204B5}.Release Private Beta|x86.ActiveCfg = Release|Any CPU
		{218ABB75-04FB-4E0E-BBB5-69DD36B204B5}.Release|Any CPU.ActiveCfg = Release|Any CPU
		{218ABB75-04FB-4E0E-BBB5-69DD36B204B5}.Release|Any CPU.Build.0 = Release|Any CPU
		{218ABB75-04FB-4E0E-BBB5-69DD36B204B5}.Release|ARM.ActiveCfg = Release|Any CPU
		{218ABB75-04FB-4E0E-BBB5-69DD36B204B5}.Release|ARM.Build.0 = Release|Any CPU
		{218ABB75-04FB-4E0E-BBB5-69DD36B204B5}.Release|Mixed Platforms.ActiveCfg = Release|Any CPU
		{218ABB75-04FB-4E0E-BBB5-69DD36B204B5}.Release|Mixed Platforms.Build.0 = Release|Any CPU
		{218ABB75-04FB-4E0E-BBB5-69DD36B204B5}.Release|Win32.ActiveCfg = Release|Any CPU
		{218ABB75-04FB-4E0E-BBB5-69DD36B204B5}.Release|x64.ActiveCfg = Release|Any CPU
		{218ABB75-04FB-4E0E-BBB5-69DD36B204B5}.Release|x86.ActiveCfg = Release|Any CPU
		{E79D5093-8038-4A5F-8A98-CA38C0D0886F}.Debug Private Beta|Any CPU.ActiveCfg = Debug|Any CPU
		{E79D5093-8038-4A5F-8A98-CA38C0D0886F}.Debug Private Beta|Any CPU.Build.0 = Debug|Any CPU
		{E79D5093-8038-4A5F-8A98-CA38C0D0886F}.Debug Private Beta|ARM.ActiveCfg = Debug|ARM
		{E79D5093-8038-4A5F-8A98-CA38C0D0886F}.Debug Private Beta|ARM.Build.0 = Debug|ARM
		{E79D5093-8038-4A5F-8A98-CA38C0D0886F}.Debug Private Beta|Mixed Platforms.ActiveCfg = Debug|x86
		{E79D5093-8038-4A5F-8A98-CA38C0D0886F}.Debug Private Beta|Mixed Platforms.Build.0 = Debug|x86
		{E79D5093-8038-4A5F-8A98-CA38C0D0886F}.Debug Private Beta|Win32.ActiveCfg = Debug|x86
		{E79D5093-8038-4A5F-8A98-CA38C0D0886F}.Debug Private Beta|Win32.Build.0 = Debug|x86
		{E79D5093-8038-4A5F-8A98-CA38C0D0886F}.Debug Private Beta|x64.ActiveCfg = Debug|Any CPU
		{E79D5093-8038-4A5F-8A98-CA38C0D0886F}.Debug Private Beta|x86.ActiveCfg = Debug|x86
		{E79D5093-8038-4A5F-8A98-CA38C0D0886F}.Debug Private Beta|x86.Build.0 = Debug|x86
		{E79D5093-8038-4A5F-8A98-CA38C0D0886F}.Debug|Any CPU.ActiveCfg = Debug|Any CPU
		{E79D5093-8038-4A5F-8A98-CA38C0D0886F}.Debug|Any CPU.Build.0 = Debug|Any CPU
		{E79D5093-8038-4A5F-8A98-CA38C0D0886F}.Debug|ARM.ActiveCfg = Debug|ARM
		{E79D5093-8038-4A5F-8A98-CA38C0D0886F}.Debug|ARM.Build.0 = Debug|ARM
		{E79D5093-8038-4A5F-8A98-CA38C0D0886F}.Debug|Mixed Platforms.ActiveCfg = Debug|x86
		{E79D5093-8038-4A5F-8A98-CA38C0D0886F}.Debug|Win32.ActiveCfg = Debug|x86
		{E79D5093-8038-4A5F-8A98-CA38C0D0886F}.Debug|Win32.Build.0 = Debug|x86
		{E79D5093-8038-4A5F-8A98-CA38C0D0886F}.Debug|x64.ActiveCfg = Debug|Any CPU
		{E79D5093-8038-4A5F-8A98-CA38C0D0886F}.Debug|x86.ActiveCfg = Debug|x86
		{E79D5093-8038-4A5F-8A98-CA38C0D0886F}.Debug|x86.Build.0 = Debug|x86
		{E79D5093-8038-4A5F-8A98-CA38C0D0886F}.Release Private Beta|Any CPU.ActiveCfg = Release|Any CPU
		{E79D5093-8038-4A5F-8A98-CA38C0D0886F}.Release Private Beta|Any CPU.Build.0 = Release|Any CPU
		{E79D5093-8038-4A5F-8A98-CA38C0D0886F}.Release Private Beta|ARM.ActiveCfg = Release|ARM
		{E79D5093-8038-4A5F-8A98-CA38C0D0886F}.Release Private Beta|ARM.Build.0 = Release|ARM
		{E79D5093-8038-4A5F-8A98-CA38C0D0886F}.Release Private Beta|Mixed Platforms.ActiveCfg = Release|x86
		{E79D5093-8038-4A5F-8A98-CA38C0D0886F}.Release Private Beta|Mixed Platforms.Build.0 = Release|x86
		{E79D5093-8038-4A5F-8A98-CA38C0D0886F}.Release Private Beta|Win32.ActiveCfg = Release|x86
		{E79D5093-8038-4A5F-8A98-CA38C0D0886F}.Release Private Beta|Win32.Build.0 = Release|x86
		{E79D5093-8038-4A5F-8A98-CA38C0D0886F}.Release Private Beta|x64.ActiveCfg = Release|Any CPU
		{E79D5093-8038-4A5F-8A98-CA38C0D0886F}.Release Private Beta|x86.ActiveCfg = Release|x86
		{E79D5093-8038-4A5F-8A98-CA38C0D0886F}.Release Private Beta|x86.Build.0 = Release|x86
		{E79D5093-8038-4A5F-8A98-CA38C0D0886F}.Release|Any CPU.ActiveCfg = Release|Any CPU
		{E79D5093-8038-4A5F-8A98-CA38C0D0886F}.Release|Any CPU.Build.0 = Release|Any CPU
		{E79D5093-8038-4A5F-8A98-CA38C0D0886F}.Release|ARM.ActiveCfg = Release|ARM
		{E79D5093-8038-4A5F-8A98-CA38C0D0886F}.Release|ARM.Build.0 = Release|ARM
		{E79D5093-8038-4A5F-8A98-CA38C0D0886F}.Release|Mixed Platforms.ActiveCfg = Release|x86
		{E79D5093-8038-4A5F-8A98-CA38C0D0886F}.Release|Mixed Platforms.Build.0 = Release|x86
		{E79D5093-8038-4A5F-8A98-CA38C0D0886F}.Release|Win32.ActiveCfg = Release|x86
		{E79D5093-8038-4A5F-8A98-CA38C0D0886F}.Release|Win32.Build.0 = Release|x86
		{E79D5093-8038-4A5F-8A98-CA38C0D0886F}.Release|x64.ActiveCfg = Release|Any CPU
		{E79D5093-8038-4A5F-8A98-CA38C0D0886F}.Release|x86.ActiveCfg = Release|x86
		{E79D5093-8038-4A5F-8A98-CA38C0D0886F}.Release|x86.Build.0 = Release|x86
		{30ADA306-4873-4AF3-99D3-BE57E723013C}.Debug Private Beta|Any CPU.ActiveCfg = Debug|Any CPU
		{30ADA306-4873-4AF3-99D3-BE57E723013C}.Debug Private Beta|Any CPU.Build.0 = Debug|Any CPU
		{30ADA306-4873-4AF3-99D3-BE57E723013C}.Debug Private Beta|ARM.ActiveCfg = Debug|ARM
		{30ADA306-4873-4AF3-99D3-BE57E723013C}.Debug Private Beta|ARM.Build.0 = Debug|ARM
		{30ADA306-4873-4AF3-99D3-BE57E723013C}.Debug Private Beta|Mixed Platforms.ActiveCfg = Debug|x86
		{30ADA306-4873-4AF3-99D3-BE57E723013C}.Debug Private Beta|Mixed Platforms.Build.0 = Debug|x86
		{30ADA306-4873-4AF3-99D3-BE57E723013C}.Debug Private Beta|Win32.ActiveCfg = Debug|x86
		{30ADA306-4873-4AF3-99D3-BE57E723013C}.Debug Private Beta|Win32.Build.0 = Debug|x86
		{30ADA306-4873-4AF3-99D3-BE57E723013C}.Debug Private Beta|x64.ActiveCfg = Debug|Any CPU
		{30ADA306-4873-4AF3-99D3-BE57E723013C}.Debug Private Beta|x86.ActiveCfg = Debug|x86
		{30ADA306-4873-4AF3-99D3-BE57E723013C}.Debug Private Beta|x86.Build.0 = Debug|x86
		{30ADA306-4873-4AF3-99D3-BE57E723013C}.Debug|Any CPU.ActiveCfg = Debug|Any CPU
		{30ADA306-4873-4AF3-99D3-BE57E723013C}.Debug|Any CPU.Build.0 = Debug|Any CPU
		{30ADA306-4873-4AF3-99D3-BE57E723013C}.Debug|ARM.ActiveCfg = Debug|ARM
		{30ADA306-4873-4AF3-99D3-BE57E723013C}.Debug|ARM.Build.0 = Debug|ARM
		{30ADA306-4873-4AF3-99D3-BE57E723013C}.Debug|Mixed Platforms.ActiveCfg = Debug|x86
		{30ADA306-4873-4AF3-99D3-BE57E723013C}.Debug|Win32.ActiveCfg = Debug|x86
		{30ADA306-4873-4AF3-99D3-BE57E723013C}.Debug|Win32.Build.0 = Debug|x86
		{30ADA306-4873-4AF3-99D3-BE57E723013C}.Debug|x64.ActiveCfg = Debug|Any CPU
		{30ADA306-4873-4AF3-99D3-BE57E723013C}.Debug|x86.ActiveCfg = Debug|x86
		{30ADA306-4873-4AF3-99D3-BE57E723013C}.Debug|x86.Build.0 = Debug|x86
		{30ADA306-4873-4AF3-99D3-BE57E723013C}.Release Private Beta|Any CPU.ActiveCfg = Release|Any CPU
		{30ADA306-4873-4AF3-99D3-BE57E723013C}.Release Private Beta|Any CPU.Build.0 = Release|Any CPU
		{30ADA306-4873-4AF3-99D3-BE57E723013C}.Release Private Beta|ARM.ActiveCfg = Release|ARM
		{30ADA306-4873-4AF3-99D3-BE57E723013C}.Release Private Beta|ARM.Build.0 = Release|ARM
		{30ADA306-4873-4AF3-99D3-BE57E723013C}.Release Private Beta|Mixed Platforms.ActiveCfg = Release|x86
		{30ADA306-4873-4AF3-99D3-BE57E723013C}.Release Private Beta|Mixed Platforms.Build.0 = Release|x86
		{30ADA306-4873-4AF3-99D3-BE57E723013C}.Release Private Beta|Win32.ActiveCfg = Release|x86
		{30ADA306-4873-4AF3-99D3-BE57E723013C}.Release Private Beta|Win32.Build.0 = Release|x86
		{30ADA306-4873-4AF3-99D3-BE57E723013C}.Release Private Beta|x64.ActiveCfg = Release|Any CPU
		{30ADA306-4873-4AF3-99D3-BE57E723013C}.Release Private Beta|x86.ActiveCfg = Release|x86
		{30ADA306-4873-4AF3-99D3-BE57E723013C}.Release Private Beta|x86.Build.0 = Release|x86
		{30ADA306-4873-4AF3-99D3-BE57E723013C}.Release|Any CPU.ActiveCfg = Release|Any CPU
		{30ADA306-4873-4AF3-99D3-BE57E723013C}.Release|Any CPU.Build.0 = Release|Any CPU
		{30ADA306-4873-4AF3-99D3-BE57E723013C}.Release|ARM.ActiveCfg = Release|ARM
		{30ADA306-4873-4AF3-99D3-BE57E723013C}.Release|ARM.Build.0 = Release|ARM
		{30ADA306-4873-4AF3-99D3-BE57E723013C}.Release|Mixed Platforms.ActiveCfg = Release|x86
		{30ADA306-4873-4AF3-99D3-BE57E723013C}.Release|Mixed Platforms.Build.0 = Release|x86
		{30ADA306-4873-4AF3-99D3-BE57E723013C}.Release|Win32.ActiveCfg = Release|x86
		{30ADA306-4873-4AF3-99D3-BE57E723013C}.Release|Win32.Build.0 = Release|x86
		{30ADA306-4873-4AF3-99D3-BE57E723013C}.Release|x64.ActiveCfg = Release|Any CPU
		{30ADA306-4873-4AF3-99D3-BE57E723013C}.Release|x86.ActiveCfg = Release|x86
		{30ADA306-4873-4AF3-99D3-BE57E723013C}.Release|x86.Build.0 = Release|x86
		{FAE12FD9-EDCA-433E-AD11-F1663A998F35}.Debug Private Beta|Any CPU.ActiveCfg = Debug|Win32
		{FAE12FD9-EDCA-433E-AD11-F1663A998F35}.Debug Private Beta|ARM.ActiveCfg = Debug|ARM
		{FAE12FD9-EDCA-433E-AD11-F1663A998F35}.Debug Private Beta|ARM.Build.0 = Debug|ARM
		{FAE12FD9-EDCA-433E-AD11-F1663A998F35}.Debug Private Beta|Mixed Platforms.ActiveCfg = Debug|Win32
		{FAE12FD9-EDCA-433E-AD11-F1663A998F35}.Debug Private Beta|Mixed Platforms.Build.0 = Debug|Win32
		{FAE12FD9-EDCA-433E-AD11-F1663A998F35}.Debug Private Beta|Win32.ActiveCfg = Debug|Win32
		{FAE12FD9-EDCA-433E-AD11-F1663A998F35}.Debug Private Beta|Win32.Build.0 = Debug|Win32
		{FAE12FD9-EDCA-433E-AD11-F1663A998F35}.Debug Private Beta|x64.ActiveCfg = Debug|Win32
		{FAE12FD9-EDCA-433E-AD11-F1663A998F35}.Debug Private Beta|x86.ActiveCfg = Debug|Win32
		{FAE12FD9-EDCA-433E-AD11-F1663A998F35}.Debug Private Beta|x86.Build.0 = Debug|Win32
		{FAE12FD9-EDCA-433E-AD11-F1663A998F35}.Debug|Any CPU.ActiveCfg = Debug|Win32
		{FAE12FD9-EDCA-433E-AD11-F1663A998F35}.Debug|ARM.ActiveCfg = Debug|ARM
		{FAE12FD9-EDCA-433E-AD11-F1663A998F35}.Debug|ARM.Build.0 = Debug|ARM
		{FAE12FD9-EDCA-433E-AD11-F1663A998F35}.Debug|Mixed Platforms.ActiveCfg = Debug|Win32
		{FAE12FD9-EDCA-433E-AD11-F1663A998F35}.Debug|Win32.ActiveCfg = Debug|Win32
		{FAE12FD9-EDCA-433E-AD11-F1663A998F35}.Debug|Win32.Build.0 = Debug|Win32
		{FAE12FD9-EDCA-433E-AD11-F1663A998F35}.Debug|x64.ActiveCfg = Debug|Win32
		{FAE12FD9-EDCA-433E-AD11-F1663A998F35}.Debug|x86.ActiveCfg = Debug|Win32
		{FAE12FD9-EDCA-433E-AD11-F1663A998F35}.Debug|x86.Build.0 = Debug|Win32
		{FAE12FD9-EDCA-433E-AD11-F1663A998F35}.Release Private Beta|Any CPU.ActiveCfg = Release|Win32
		{FAE12FD9-EDCA-433E-AD11-F1663A998F35}.Release Private Beta|ARM.ActiveCfg = Release|ARM
		{FAE12FD9-EDCA-433E-AD11-F1663A998F35}.Release Private Beta|ARM.Build.0 = Release|ARM
		{FAE12FD9-EDCA-433E-AD11-F1663A998F35}.Release Private Beta|Mixed Platforms.ActiveCfg = Release|Win32
		{FAE12FD9-EDCA-433E-AD11-F1663A998F35}.Release Private Beta|Mixed Platforms.Build.0 = Release|Win32
		{FAE12FD9-EDCA-433E-AD11-F1663A998F35}.Release Private Beta|Win32.ActiveCfg = Release|Win32
		{FAE12FD9-EDCA-433E-AD11-F1663A998F35}.Release Private Beta|Win32.Build.0 = Release|Win32
		{FAE12FD9-EDCA-433E-AD11-F1663A998F35}.Release Private Beta|x64.ActiveCfg = Release|Win32
		{FAE12FD9-EDCA-433E-AD11-F1663A998F35}.Release Private Beta|x86.ActiveCfg = Release|Win32
		{FAE12FD9-EDCA-433E-AD11-F1663A998F35}.Release Private Beta|x86.Build.0 = Release|Win32
		{FAE12FD9-EDCA-433E-AD11-F1663A998F35}.Release|Any CPU.ActiveCfg = Release|Win32
		{FAE12FD9-EDCA-433E-AD11-F1663A998F35}.Release|ARM.ActiveCfg = Release|ARM
		{FAE12FD9-EDCA-433E-AD11-F1663A998F35}.Release|ARM.Build.0 = Release|ARM
		{FAE12FD9-EDCA-433E-AD11-F1663A998F35}.Release|Mixed Platforms.ActiveCfg = Release|Win32
		{FAE12FD9-EDCA-433E-AD11-F1663A998F35}.Release|Mixed Platforms.Build.0 = Release|Win32
		{FAE12FD9-EDCA-433E-AD11-F1663A998F35}.Release|Win32.ActiveCfg = Release|Win32
		{FAE12FD9-EDCA-433E-AD11-F1663A998F35}.Release|Win32.Build.0 = Release|Win32
		{FAE12FD9-EDCA-433E-AD11-F1663A998F35}.Release|x64.ActiveCfg = Release|Win32
		{FAE12FD9-EDCA-433E-AD11-F1663A998F35}.Release|x86.ActiveCfg = Release|Win32
		{FAE12FD9-EDCA-433E-AD11-F1663A998F35}.Release|x86.Build.0 = Release|Win32
		{1E7F202B-8830-42F6-BCDA-2A6C590A7E10}.Debug Private Beta|Any CPU.ActiveCfg = Debug|Any CPU
		{1E7F202B-8830-42F6-BCDA-2A6C590A7E10}.Debug Private Beta|Any CPU.Build.0 = Debug|Any CPU
		{1E7F202B-8830-42F6-BCDA-2A6C590A7E10}.Debug Private Beta|ARM.ActiveCfg = Debug|Any CPU
		{1E7F202B-8830-42F6-BCDA-2A6C590A7E10}.Debug Private Beta|Mixed Platforms.ActiveCfg = Debug|Any CPU
		{1E7F202B-8830-42F6-BCDA-2A6C590A7E10}.Debug Private Beta|Mixed Platforms.Build.0 = Debug|Any CPU
		{1E7F202B-8830-42F6-BCDA-2A6C590A7E10}.Debug Private Beta|Win32.ActiveCfg = Debug|Any CPU
		{1E7F202B-8830-42F6-BCDA-2A6C590A7E10}.Debug Private Beta|x64.ActiveCfg = Debug|Any CPU
		{1E7F202B-8830-42F6-BCDA-2A6C590A7E10}.Debug Private Beta|x86.ActiveCfg = Debug|Any CPU
		{1E7F202B-8830-42F6-BCDA-2A6C590A7E10}.Debug|Any CPU.ActiveCfg = Debug|Any CPU
		{1E7F202B-8830-42F6-BCDA-2A6C590A7E10}.Debug|Any CPU.Build.0 = Debug|Any CPU
		{1E7F202B-8830-42F6-BCDA-2A6C590A7E10}.Debug|ARM.ActiveCfg = Debug|Any CPU
		{1E7F202B-8830-42F6-BCDA-2A6C590A7E10}.Debug|Mixed Platforms.ActiveCfg = Debug|Any CPU
		{1E7F202B-8830-42F6-BCDA-2A6C590A7E10}.Debug|Mixed Platforms.Build.0 = Debug|Any CPU
		{1E7F202B-8830-42F6-BCDA-2A6C590A7E10}.Debug|Win32.ActiveCfg = Debug|Any CPU
		{1E7F202B-8830-42F6-BCDA-2A6C590A7E10}.Debug|x64.ActiveCfg = Debug|Any CPU
		{1E7F202B-8830-42F6-BCDA-2A6C590A7E10}.Debug|x86.ActiveCfg = Debug|Any CPU
		{1E7F202B-8830-42F6-BCDA-2A6C590A7E10}.Release Private Beta|Any CPU.ActiveCfg = Release|Any CPU
		{1E7F202B-8830-42F6-BCDA-2A6C590A7E10}.Release Private Beta|Any CPU.Build.0 = Release|Any CPU
		{1E7F202B-8830-42F6-BCDA-2A6C590A7E10}.Release Private Beta|ARM.ActiveCfg = Release|Any CPU
		{1E7F202B-8830-42F6-BCDA-2A6C590A7E10}.Release Private Beta|Mixed Platforms.ActiveCfg = Release|Any CPU
		{1E7F202B-8830-42F6-BCDA-2A6C590A7E10}.Release Private Beta|Mixed Platforms.Build.0 = Release|Any CPU
		{1E7F202B-8830-42F6-BCDA-2A6C590A7E10}.Release Private Beta|Win32.ActiveCfg = Release|Any CPU
		{1E7F202B-8830-42F6-BCDA-2A6C590A7E10}.Release Private Beta|x64.ActiveCfg = Release|Any CPU
		{1E7F202B-8830-42F6-BCDA-2A6C590A7E10}.Release Private Beta|x86.ActiveCfg = Release|Any CPU
		{1E7F202B-8830-42F6-BCDA-2A6C590A7E10}.Release|Any CPU.ActiveCfg = Release|Any CPU
		{1E7F202B-8830-42F6-BCDA-2A6C590A7E10}.Release|Any CPU.Build.0 = Release|Any CPU
		{1E7F202B-8830-42F6-BCDA-2A6C590A7E10}.Release|ARM.ActiveCfg = Release|Any CPU
		{1E7F202B-8830-42F6-BCDA-2A6C590A7E10}.Release|ARM.Build.0 = Release|Any CPU
		{1E7F202B-8830-42F6-BCDA-2A6C590A7E10}.Release|Mixed Platforms.ActiveCfg = Release|Any CPU
		{1E7F202B-8830-42F6-BCDA-2A6C590A7E10}.Release|Mixed Platforms.Build.0 = Release|Any CPU
		{1E7F202B-8830-42F6-BCDA-2A6C590A7E10}.Release|Win32.ActiveCfg = Release|Any CPU
		{1E7F202B-8830-42F6-BCDA-2A6C590A7E10}.Release|x64.ActiveCfg = Release|Any CPU
		{1E7F202B-8830-42F6-BCDA-2A6C590A7E10}.Release|x86.ActiveCfg = Release|Any CPU
		{C5F29433-1957-4C9E-A7D6-56E52A89AFA4}.Debug Private Beta|Any CPU.ActiveCfg = Debug|Any CPU
		{C5F29433-1957-4C9E-A7D6-56E52A89AFA4}.Debug Private Beta|Any CPU.Build.0 = Debug|Any CPU
		{C5F29433-1957-4C9E-A7D6-56E52A89AFA4}.Debug Private Beta|ARM.ActiveCfg = Debug|Any CPU
		{C5F29433-1957-4C9E-A7D6-56E52A89AFA4}.Debug Private Beta|Mixed Platforms.ActiveCfg = Debug|Any CPU
		{C5F29433-1957-4C9E-A7D6-56E52A89AFA4}.Debug Private Beta|Mixed Platforms.Build.0 = Debug|Any CPU
		{C5F29433-1957-4C9E-A7D6-56E52A89AFA4}.Debug Private Beta|Win32.ActiveCfg = Debug|Any CPU
		{C5F29433-1957-4C9E-A7D6-56E52A89AFA4}.Debug Private Beta|x64.ActiveCfg = Debug|Any CPU
		{C5F29433-1957-4C9E-A7D6-56E52A89AFA4}.Debug Private Beta|x86.ActiveCfg = Debug|Any CPU
		{C5F29433-1957-4C9E-A7D6-56E52A89AFA4}.Debug|Any CPU.ActiveCfg = Debug|Any CPU
		{C5F29433-1957-4C9E-A7D6-56E52A89AFA4}.Debug|Any CPU.Build.0 = Debug|Any CPU
		{C5F29433-1957-4C9E-A7D6-56E52A89AFA4}.Debug|ARM.ActiveCfg = Debug|Any CPU
		{C5F29433-1957-4C9E-A7D6-56E52A89AFA4}.Debug|Mixed Platforms.ActiveCfg = Debug|Any CPU
		{C5F29433-1957-4C9E-A7D6-56E52A89AFA4}.Debug|Mixed Platforms.Build.0 = Debug|Any CPU
		{C5F29433-1957-4C9E-A7D6-56E52A89AFA4}.Debug|Win32.ActiveCfg = Debug|Any CPU
		{C5F29433-1957-4C9E-A7D6-56E52A89AFA4}.Debug|x64.ActiveCfg = Debug|Any CPU
		{C5F29433-1957-4C9E-A7D6-56E52A89AFA4}.Debug|x86.ActiveCfg = Debug|Any CPU
		{C5F29433-1957-4C9E-A7D6-56E52A89AFA4}.Release Private Beta|Any CPU.ActiveCfg = Release|Any CPU
		{C5F29433-1957-4C9E-A7D6-56E52A89AFA4}.Release Private Beta|Any CPU.Build.0 = Release|Any CPU
		{C5F29433-1957-4C9E-A7D6-56E52A89AFA4}.Release Private Beta|ARM.ActiveCfg = Release|Any CPU
		{C5F29433-1957-4C9E-A7D6-56E52A89AFA4}.Release Private Beta|Mixed Platforms.ActiveCfg = Release|Any CPU
		{C5F29433-1957-4C9E-A7D6-56E52A89AFA4}.Release Private Beta|Mixed Platforms.Build.0 = Release|Any CPU
		{C5F29433-1957-4C9E-A7D6-56E52A89AFA4}.Release Private Beta|Win32.ActiveCfg = Release|Any CPU
		{C5F29433-1957-4C9E-A7D6-56E52A89AFA4}.Release Private Beta|x64.ActiveCfg = Release|Any CPU
		{C5F29433-1957-4C9E-A7D6-56E52A89AFA4}.Release Private Beta|x86.ActiveCfg = Release|Any CPU
		{C5F29433-1957-4C9E-A7D6-56E52A89AFA4}.Release|Any CPU.ActiveCfg = Release|Any CPU
		{C5F29433-1957-4C9E-A7D6-56E52A89AFA4}.Release|Any CPU.Build.0 = Release|Any CPU
		{C5F29433-1957-4C9E-A7D6-56E52A89AFA4}.Release|ARM.ActiveCfg = Release|Any CPU
		{C5F29433-1957-4C9E-A7D6-56E52A89AFA4}.Release|Mixed Platforms.ActiveCfg = Release|Any CPU
		{C5F29433-1957-4C9E-A7D6-56E52A89AFA4}.Release|Mixed Platforms.Build.0 = Release|Any CPU
		{C5F29433-1957-4C9E-A7D6-56E52A89AFA4}.Release|Win32.ActiveCfg = Release|Any CPU
		{C5F29433-1957-4C9E-A7D6-56E52A89AFA4}.Release|x64.ActiveCfg = Release|Any CPU
		{C5F29433-1957-4C9E-A7D6-56E52A89AFA4}.Release|x86.ActiveCfg = Release|Any CPU
	EndGlobalSection
	GlobalSection(SolutionProperties) = preSolution
		HideSolutionNode = FALSE
	EndGlobalSection
EndGlobal
