
Microsoft Visual Studio Solution File, Format Version 12.00
# Visual Studio 2013
VisualStudioVersion = 12.0.30501.0
MinimumVisualStudioVersion = 10.0.40219.1
Project("{FAE04EC0-301F-11D3-BF4B-00C04F79EFBC}") = "TelegramClient.WP81", "TelegramClient.WP81\TelegramClient.WP81.csproj", "{B4E6EEEF-5819-4528-8234-EA4A0EC7B6E3}"
EndProject
Project("{FAE04EC0-301F-11D3-BF4B-00C04F79EFBC}") = "Telegram.Api.WP8", "Telegram.Api.WP8\Telegram.Api.WP8.csproj", "{E79D5093-8038-4A5F-8A98-CA38C0D0886F}"
EndProject
Project("{2150E333-8FDC-42A3-9474-1A3956D46DE8}") = ".nuget", ".nuget", "{414D6805-ADB9-4A47-850B-7A65131D7A23}"
	ProjectSection(SolutionItems) = preProject
		.nuget\NuGet.Config = .nuget\NuGet.Config
		.nuget\NuGet.exe = .nuget\NuGet.exe
		.nuget\NuGet.targets = .nuget\NuGet.targets
	EndProjectSection
EndProject
Project("{8BC9CEB8-8B4A-11D0-8D11-00A0C91BC942}") = "TelegramClient.Opus", "TelegramClient.Opus\TelegramClient.Opus.vcxproj", "{5E327850-E16E-4642-957A-FD52BF8D3D02}"
EndProject
Project("{FAE04EC0-301F-11D3-BF4B-00C04F79EFBC}") = "Telegram.Controls.WP8", "Telegram.Controls.WP8\Telegram.Controls.WP8.csproj", "{F04BE5A2-70DF-4E82-BFB5-CD03985C9746}"
EndProject
Project("{8BC9CEB8-8B4A-11D0-8D11-00A0C91BC942}") = "TelegramClient.WebP", "TelegramClient.WebP\TelegramClient.WebP.vcxproj", "{FAE12FD9-EDCA-433E-AD11-F1663A998F35}"
EndProject
Project("{FAE04EC0-301F-11D3-BF4B-00C04F79EFBC}") = "TelegramClient.Player.WP8", "TelegramClient.Player.WP8\TelegramClient.Player.WP8.csproj", "{62C14349-ED3B-4FF0-8635-F970AA1A8E32}"
EndProject
Project("{FAE04EC0-301F-11D3-BF4B-00C04F79EFBC}") = "TelegramClient.Tasks", "TelegramClient.Tasks\TelegramClient.Tasks.csproj", "{997BD0C4-68E8-4495-904A-EB798B166832}"
EndProject
Project("{FAE04EC0-301F-11D3-BF4B-00C04F79EFBC}") = "Telegram.Api.PCL", "Telegram.Api.PCL\Telegram.Api.PCL.csproj", "{DE897F51-AF1F-48FE-9DBB-6B308F9740D1}"
EndProject
Project("{8BC9CEB8-8B4A-11D0-8D11-00A0C91BC942}") = "OpenCVComponent", "OpenCVComponent\OpenCVComponent.vcxproj", "{EADFF7B8-E6C3-4F34-9B33-014B3035C595}"
EndProject
Project("{8BC9CEB8-8B4A-11D0-8D11-00A0C91BC942}") = "FFmpegInterop.Shared", "FFmpegInterop\Win8.1\FFmpegInterop.Shared\FFmpegInterop.Shared.vcxitems", "{B290D2CE-E857-4ACE-8541-D80A3B9AB04E}"
EndProject
Project("{8BC9CEB8-8B4A-11D0-8D11-00A0C91BC942}") = "FFmpegInterop.WindowsPhone", "FFmpegInterop\Win8.1\FFmpegInterop.WindowsPhone\FFmpegInterop.WindowsPhone.vcxproj", "{EBC5CA98-87F1-4A01-A48D-69659C103E72}"
EndProject
Project("{8BC9CEB8-8B4A-11D0-8D11-00A0C91BC942}") = "libtgvoip", "libtgvoip-public\libtgvoip.WP81.vcxproj", "{21F10158-C078-4BD7-A82A-9C4AEB8E2F8E}"
EndProject
Project("{8BC9CEB8-8B4A-11D0-8D11-00A0C91BC942}") = "VoipBackendServerHost", "VoipBackendServerHost\VoipBackendServerHost.vcxproj", "{0A402E0E-CEE9-477E-B17A-A4B01BB1448C}"
EndProject
Project("{8BC9CEB8-8B4A-11D0-8D11-00A0C91BC942}") = "BackEnd", "BackEnd\BackEnd.vcxproj", "{C8D75245-FFCF-4932-A228-C9CC8BB60B03}"
EndProject
Project("{8BC9CEB8-8B4A-11D0-8D11-00A0C91BC942}") = "BackEndProxyStub", "BackEndProxyStub\BackEndProxyStub.vcxproj", "{BBABEEA1-494C-4618-96E3-399873A5558B}"
EndProject
Project("{FAE04EC0-301F-11D3-BF4B-00C04F79EFBC}") = "Agents", "Agents\Agents.csproj", "{820034C1-645D-4340-8813-D980C1EF77DE}"
EndProject
Project("{8BC9CEB8-8B4A-11D0-8D11-00A0C91BC942}") = "TelegramClient.Native", "TelegramClient.Native\TelegramClient.Native.vcxproj", "{B51DD8C5-335D-4A2D-B429-6D0F41ED0281}"
EndProject
Project("{8BC9CEB8-8B4A-11D0-8D11-00A0C91BC942}") = "libtgnet", "libtgnet\libtgnet.vcxproj", "{CC7A35BF-AABC-411D-B911-AC037A781266}"
EndProject
Global
	GlobalSection(SharedMSBuildProjectFiles) = preSolution
		FFmpegInterop\Win8.1\FFmpegInterop.Shared\FFmpegInterop.Shared.vcxitems*{b290d2ce-e857-4ace-8541-d80a3b9ab04e}*SharedItemsImports = 9
		FFmpegInterop\Win8.1\FFmpegInterop.Shared\FFmpegInterop.Shared.vcxitems*{ebc5ca98-87f1-4a01-a48d-69659c103e72}*SharedItemsImports = 4
	EndGlobalSection
	GlobalSection(SubversionScc) = preSolution
		Svn-Managed = True
		Manager = AnkhSVN - Subversion Support for Visual Studio
	EndGlobalSection
	GlobalSection(SolutionConfigurationPlatforms) = preSolution
		Debug Private Beta|Any CPU = Debug Private Beta|Any CPU
		Debug Private Beta|ARM = Debug Private Beta|ARM
		Debug Private Beta|Mixed Platforms = Debug Private Beta|Mixed Platforms
		Debug Private Beta|Win32 = Debug Private Beta|Win32
		Debug Private Beta|x64 = Debug Private Beta|x64
		Debug Private Beta|x86 = Debug Private Beta|x86
		Debug|Any CPU = Debug|Any CPU
		Debug|ARM = Debug|ARM
		Debug|Mixed Platforms = Debug|Mixed Platforms
		Debug|Win32 = Debug|Win32
		Debug|x64 = Debug|x64
		Debug|x86 = Debug|x86
		Release Private Beta|Any CPU = Release Private Beta|Any CPU
		Release Private Beta|ARM = Release Private Beta|ARM
		Release Private Beta|Mixed Platforms = Release Private Beta|Mixed Platforms
		Release Private Beta|Win32 = Release Private Beta|Win32
		Release Private Beta|x64 = Release Private Beta|x64
		Release Private Beta|x86 = Release Private Beta|x86
		Release|Any CPU = Release|Any CPU
		Release|ARM = Release|ARM
		Release|Mixed Platforms = Release|Mixed Platforms
		Release|Win32 = Release|Win32
		Release|x64 = Release|x64
		Release|x86 = Release|x86
	EndGlobalSection
	GlobalSection(ProjectConfigurationPlatforms) = postSolution
		{E79D5093-8038-4A5F-8A98-CA38C0D0886F}.Debug Private Beta|Any CPU.ActiveCfg = Debug|Any CPU
		{E79D5093-8038-4A5F-8A98-CA38C0D0886F}.Debug Private Beta|Any CPU.Build.0 = Debug|Any CPU
		{E79D5093-8038-4A5F-8A98-CA38C0D0886F}.Debug Private Beta|ARM.ActiveCfg = Debug|ARM
		{E79D5093-8038-4A5F-8A98-CA38C0D0886F}.Debug Private Beta|ARM.Build.0 = Debug|ARM
		{E79D5093-8038-4A5F-8A98-CA38C0D0886F}.Debug Private Beta|Mixed Platforms.ActiveCfg = Debug|x86
		{E79D5093-8038-4A5F-8A98-CA38C0D0886F}.Debug Private Beta|Mixed Platforms.Build.0 = Debug|x86
		{E79D5093-8038-4A5F-8A98-CA38C0D0886F}.Debug Private Beta|Win32.ActiveCfg = Debug|x86
		{E79D5093-8038-4A5F-8A98-CA38C0D0886F}.Debug Private Beta|Win32.Build.0 = Debug|x86
		{E79D5093-8038-4A5F-8A98-CA38C0D0886F}.Debug Private Beta|x64.ActiveCfg = Debug|Any CPU
		{E79D5093-8038-4A5F-8A98-CA38C0D0886F}.Debug Private Beta|x86.ActiveCfg = Debug|x86
		{E79D5093-8038-4A5F-8A98-CA38C0D0886F}.Debug Private Beta|x86.Build.0 = Debug|x86
		{E79D5093-8038-4A5F-8A98-CA38C0D0886F}.Debug|Any CPU.ActiveCfg = Debug|Any CPU
		{E79D5093-8038-4A5F-8A98-CA38C0D0886F}.Debug|Any CPU.Build.0 = Debug|Any CPU
		{E79D5093-8038-4A5F-8A98-CA38C0D0886F}.Debug|ARM.ActiveCfg = Debug|ARM
		{E79D5093-8038-4A5F-8A98-CA38C0D0886F}.Debug|Mixed Platforms.ActiveCfg = Debug|x86
		{E79D5093-8038-4A5F-8A98-CA38C0D0886F}.Debug|Mixed Platforms.Build.0 = Debug|x86
		{E79D5093-8038-4A5F-8A98-CA38C0D0886F}.Debug|Win32.ActiveCfg = Debug|x86
		{E79D5093-8038-4A5F-8A98-CA38C0D0886F}.Debug|Win32.Build.0 = Debug|x86
		{E79D5093-8038-4A5F-8A98-CA38C0D0886F}.Debug|x64.ActiveCfg = Debug|Any CPU
		{E79D5093-8038-4A5F-8A98-CA38C0D0886F}.Debug|x86.ActiveCfg = Debug|x86
		{E79D5093-8038-4A5F-8A98-CA38C0D0886F}.Debug|x86.Build.0 = Debug|x86
		{E79D5093-8038-4A5F-8A98-CA38C0D0886F}.Release Private Beta|Any CPU.ActiveCfg = Release|Any CPU
		{E79D5093-8038-4A5F-8A98-CA38C0D0886F}.Release Private Beta|Any CPU.Build.0 = Release|Any CPU
		{E79D5093-8038-4A5F-8A98-CA38C0D0886F}.Release Private Beta|ARM.ActiveCfg = Release|ARM
		{E79D5093-8038-4A5F-8A98-CA38C0D0886F}.Release Private Beta|ARM.Build.0 = Release|ARM
		{E79D5093-8038-4A5F-8A98-CA38C0D0886F}.Release Private Beta|Mixed Platforms.ActiveCfg = Release|x86
		{E79D5093-8038-4A5F-8A98-CA38C0D0886F}.Release Private Beta|Mixed Platforms.Build.0 = Release|x86
		{E79D5093-8038-4A5F-8A98-CA38C0D0886F}.Release Private Beta|Win32.ActiveCfg = Release|x86
		{E79D5093-8038-4A5F-8A98-CA38C0D0886F}.Release Private Beta|Win32.Build.0 = Release|x86
		{E79D5093-8038-4A5F-8A98-CA38C0D0886F}.Release Private Beta|x64.ActiveCfg = Release|Any CPU
		{E79D5093-8038-4A5F-8A98-CA38C0D0886F}.Release Private Beta|x86.ActiveCfg = Release|x86
		{E79D5093-8038-4A5F-8A98-CA38C0D0886F}.Release Private Beta|x86.Build.0 = Release|x86
		{E79D5093-8038-4A5F-8A98-CA38C0D0886F}.Release|Any CPU.ActiveCfg = Release|Any CPU
		{E79D5093-8038-4A5F-8A98-CA38C0D0886F}.Release|Any CPU.Build.0 = Release|Any CPU
		{E79D5093-8038-4A5F-8A98-CA38C0D0886F}.Release|ARM.ActiveCfg = Release|ARM
		{E79D5093-8038-4A5F-8A98-CA38C0D0886F}.Release|ARM.Build.0 = Release|ARM
		{E79D5093-8038-4A5F-8A98-CA38C0D0886F}.Release|Mixed Platforms.ActiveCfg = Release|x86
		{E79D5093-8038-4A5F-8A98-CA38C0D0886F}.Release|Mixed Platforms.Build.0 = Release|x86
		{E79D5093-8038-4A5F-8A98-CA38C0D0886F}.Release|Win32.ActiveCfg = Release|x86
		{E79D5093-8038-4A5F-8A98-CA38C0D0886F}.Release|Win32.Build.0 = Release|x86
		{E79D5093-8038-4A5F-8A98-CA38C0D0886F}.Release|x64.ActiveCfg = Release|Any CPU
		{E79D5093-8038-4A5F-8A98-CA38C0D0886F}.Release|x86.ActiveCfg = Release|x86
		{E79D5093-8038-4A5F-8A98-CA38C0D0886F}.Release|x86.Build.0 = Release|x86
		{5E327850-E16E-4642-957A-FD52BF8D3D02}.Debug Private Beta|Any CPU.ActiveCfg = Debug|Win32
		{5E327850-E16E-4642-957A-FD52BF8D3D02}.Debug Private Beta|ARM.ActiveCfg = Debug|ARM
		{5E327850-E16E-4642-957A-FD52BF8D3D02}.Debug Private Beta|ARM.Build.0 = Debug|ARM
		{5E327850-E16E-4642-957A-FD52BF8D3D02}.Debug Private Beta|Mixed Platforms.ActiveCfg = Debug|Win32
		{5E327850-E16E-4642-957A-FD52BF8D3D02}.Debug Private Beta|Mixed Platforms.Build.0 = Debug|Win32
		{5E327850-E16E-4642-957A-FD52BF8D3D02}.Debug Private Beta|Win32.ActiveCfg = Debug|Win32
		{5E327850-E16E-4642-957A-FD52BF8D3D02}.Debug Private Beta|Win32.Build.0 = Debug|Win32
		{5E327850-E16E-4642-957A-FD52BF8D3D02}.Debug Private Beta|x64.ActiveCfg = Debug|Win32
		{5E327850-E16E-4642-957A-FD52BF8D3D02}.Debug Private Beta|x86.ActiveCfg = Debug|Win32
		{5E327850-E16E-4642-957A-FD52BF8D3D02}.Debug Private Beta|x86.Build.0 = Debug|Win32
		{5E327850-E16E-4642-957A-FD52BF8D3D02}.Debug|Any CPU.ActiveCfg = Debug|Win32
		{5E327850-E16E-4642-957A-FD52BF8D3D02}.Debug|ARM.ActiveCfg = Debug|ARM
		{5E327850-E16E-4642-957A-FD52BF8D3D02}.Debug|Mixed Platforms.ActiveCfg = Debug|Win32
		{5E327850-E16E-4642-957A-FD52BF8D3D02}.Debug|Mixed Platforms.Build.0 = Debug|Win32
		{5E327850-E16E-4642-957A-FD52BF8D3D02}.Debug|Win32.ActiveCfg = Debug|Win32
		{5E327850-E16E-4642-957A-FD52BF8D3D02}.Debug|Win32.Build.0 = Debug|Win32
		{5E327850-E16E-4642-957A-FD52BF8D3D02}.Debug|x64.ActiveCfg = Debug|Win32
		{5E327850-E16E-4642-957A-FD52BF8D3D02}.Debug|x86.ActiveCfg = Debug|Win32
		{5E327850-E16E-4642-957A-FD52BF8D3D02}.Debug|x86.Build.0 = Debug|Win32
		{5E327850-E16E-4642-957A-FD52BF8D3D02}.Release Private Beta|Any CPU.ActiveCfg = Release|Win32
		{5E327850-E16E-4642-957A-FD52BF8D3D02}.Release Private Beta|ARM.ActiveCfg = Release|ARM
		{5E327850-E16E-4642-957A-FD52BF8D3D02}.Release Private Beta|ARM.Build.0 = Release|ARM
		{5E327850-E16E-4642-957A-FD52BF8D3D02}.Release Private Beta|Mixed Platforms.ActiveCfg = Release|Win32
		{5E327850-E16E-4642-957A-FD52BF8D3D02}.Release Private Beta|Mixed Platforms.Build.0 = Release|Win32
		{5E327850-E16E-4642-957A-FD52BF8D3D02}.Release Private Beta|Win32.ActiveCfg = Release|Win32
		{5E327850-E16E-4642-957A-FD52BF8D3D02}.Release Private Beta|Win32.Build.0 = Release|Win32
		{5E327850-E16E-4642-957A-FD52BF8D3D02}.Release Private Beta|x64.ActiveCfg = Release|Win32
		{5E327850-E16E-4642-957A-FD52BF8D3D02}.Release Private Beta|x86.ActiveCfg = Release|Win32
		{5E327850-E16E-4642-957A-FD52BF8D3D02}.Release Private Beta|x86.Build.0 = Release|Win32
		{5E327850-E16E-4642-957A-FD52BF8D3D02}.Release|Any CPU.ActiveCfg = Release|Win32
		{5E327850-E16E-4642-957A-FD52BF8D3D02}.Release|ARM.ActiveCfg = Release|ARM
		{5E327850-E16E-4642-957A-FD52BF8D3D02}.Release|ARM.Build.0 = Release|ARM
		{5E327850-E16E-4642-957A-FD52BF8D3D02}.Release|Mixed Platforms.ActiveCfg = Release|Win32
		{5E327850-E16E-4642-957A-FD52BF8D3D02}.Release|Mixed Platforms.Build.0 = Release|Win32
		{5E327850-E16E-4642-957A-FD52BF8D3D02}.Release|Win32.ActiveCfg = Release|Win32
		{5E327850-E16E-4642-957A-FD52BF8D3D02}.Release|Win32.Build.0 = Release|Win32
		{5E327850-E16E-4642-957A-FD52BF8D3D02}.Release|x64.ActiveCfg = Release|Win32
		{5E327850-E16E-4642-957A-FD52BF8D3D02}.Release|x86.ActiveCfg = Release|Win32
		{5E327850-E16E-4642-957A-FD52BF8D3D02}.Release|x86.Build.0 = Release|Win32
		{F04BE5A2-70DF-4E82-BFB5-CD03985C9746}.Debug Private Beta|Any CPU.ActiveCfg = Debug|Any CPU
		{F04BE5A2-70DF-4E82-BFB5-CD03985C9746}.Debug Private Beta|Any CPU.Build.0 = Debug|Any CPU
		{F04BE5A2-70DF-4E82-BFB5-CD03985C9746}.Debug Private Beta|ARM.ActiveCfg = Debug|ARM
		{F04BE5A2-70DF-4E82-BFB5-CD03985C9746}.Debug Private Beta|ARM.Build.0 = Debug|ARM
		{F04BE5A2-70DF-4E82-BFB5-CD03985C9746}.Debug Private Beta|Mixed Platforms.ActiveCfg = Debug|x86
		{F04BE5A2-70DF-4E82-BFB5-CD03985C9746}.Debug Private Beta|Mixed Platforms.Build.0 = Debug|x86
		{F04BE5A2-70DF-4E82-BFB5-CD03985C9746}.Debug Private Beta|Win32.ActiveCfg = Debug|x86
		{F04BE5A2-70DF-4E82-BFB5-CD03985C9746}.Debug Private Beta|Win32.Build.0 = Debug|x86
		{F04BE5A2-70DF-4E82-BFB5-CD03985C9746}.Debug Private Beta|x64.ActiveCfg = Debug|Any CPU
		{F04BE5A2-70DF-4E82-BFB5-CD03985C9746}.Debug Private Beta|x86.ActiveCfg = Debug|x86
		{F04BE5A2-70DF-4E82-BFB5-CD03985C9746}.Debug Private Beta|x86.Build.0 = Debug|x86
		{F04BE5A2-70DF-4E82-BFB5-CD03985C9746}.Debug|Any CPU.ActiveCfg = Debug|Any CPU
		{F04BE5A2-70DF-4E82-BFB5-CD03985C9746}.Debug|Any CPU.Build.0 = Debug|Any CPU
		{F04BE5A2-70DF-4E82-BFB5-CD03985C9746}.Debug|ARM.ActiveCfg = Debug|ARM
		{F04BE5A2-70DF-4E82-BFB5-CD03985C9746}.Debug|ARM.Build.0 = Debug|ARM
		{F04BE5A2-70DF-4E82-BFB5-CD03985C9746}.Debug|Mixed Platforms.ActiveCfg = Debug|x86
		{F04BE5A2-70DF-4E82-BFB5-CD03985C9746}.Debug|Mixed Platforms.Build.0 = Debug|x86
		{F04BE5A2-70DF-4E82-BFB5-CD03985C9746}.Debug|Win32.ActiveCfg = Debug|x86
		{F04BE5A2-70DF-4E82-BFB5-CD03985C9746}.Debug|Win32.Build.0 = Debug|x86
		{F04BE5A2-70DF-4E82-BFB5-CD03985C9746}.Debug|x64.ActiveCfg = Debug|Any CPU
		{F04BE5A2-70DF-4E82-BFB5-CD03985C9746}.Debug|x86.ActiveCfg = Debug|x86
		{F04BE5A2-70DF-4E82-BFB5-CD03985C9746}.Debug|x86.Build.0 = Debug|x86
		{F04BE5A2-70DF-4E82-BFB5-CD03985C9746}.Release Private Beta|Any CPU.ActiveCfg = Release|Any CPU
		{F04BE5A2-70DF-4E82-BFB5-CD03985C9746}.Release Private Beta|Any CPU.Build.0 = Release|Any CPU
		{F04BE5A2-70DF-4E82-BFB5-CD03985C9746}.Release Private Beta|ARM.ActiveCfg = Release|ARM
		{F04BE5A2-70DF-4E82-BFB5-CD03985C9746}.Release Private Beta|ARM.Build.0 = Release|ARM
		{F04BE5A2-70DF-4E82-BFB5-CD03985C9746}.Release Private Beta|Mixed Platforms.ActiveCfg = Release|x86
		{F04BE5A2-70DF-4E82-BFB5-CD03985C9746}.Release Private Beta|Mixed Platforms.Build.0 = Release|x86
		{F04BE5A2-70DF-4E82-BFB5-CD03985C9746}.Release Private Beta|Win32.ActiveCfg = Release|x86
		{F04BE5A2-70DF-4E82-BFB5-CD03985C9746}.Release Private Beta|Win32.Build.0 = Release|x86
		{F04BE5A2-70DF-4E82-BFB5-CD03985C9746}.Release Private Beta|x64.ActiveCfg = Release|Any CPU
		{F04BE5A2-70DF-4E82-BFB5-CD03985C9746}.Release Private Beta|x86.ActiveCfg = Release|x86
		{F04BE5A2-70DF-4E82-BFB5-CD03985C9746}.Release Private Beta|x86.Build.0 = Release|x86
		{F04BE5A2-70DF-4E82-BFB5-CD03985C9746}.Release|Any CPU.ActiveCfg = Release|Any CPU
		{F04BE5A2-70DF-4E82-BFB5-CD03985C9746}.Release|Any CPU.Build.0 = Release|Any CPU
		{F04BE5A2-70DF-4E82-BFB5-CD03985C9746}.Release|ARM.ActiveCfg = Release|ARM
		{F04BE5A2-70DF-4E82-BFB5-CD03985C9746}.Release|ARM.Build.0 = Release|ARM
		{F04BE5A2-70DF-4E82-BFB5-CD03985C9746}.Release|Mixed Platforms.ActiveCfg = Release|x86
		{F04BE5A2-70DF-4E82-BFB5-CD03985C9746}.Release|Mixed Platforms.Build.0 = Release|x86
		{F04BE5A2-70DF-4E82-BFB5-CD03985C9746}.Release|Win32.ActiveCfg = Release|x86
		{F04BE5A2-70DF-4E82-BFB5-CD03985C9746}.Release|Win32.Build.0 = Release|x86
		{F04BE5A2-70DF-4E82-BFB5-CD03985C9746}.Release|x64.ActiveCfg = Release|Any CPU
		{F04BE5A2-70DF-4E82-BFB5-CD03985C9746}.Release|x86.ActiveCfg = Release|x86
		{F04BE5A2-70DF-4E82-BFB5-CD03985C9746}.Release|x86.Build.0 = Release|x86
		{B4E6EEEF-5819-4528-8234-EA4A0EC7B6E3}.Debug Private Beta|Any CPU.ActiveCfg = Debug Private Beta|Any CPU
		{B4E6EEEF-5819-4528-8234-EA4A0EC7B6E3}.Debug Private Beta|Any CPU.Build.0 = Debug Private Beta|Any CPU
		{B4E6EEEF-5819-4528-8234-EA4A0EC7B6E3}.Debug Private Beta|Any CPU.Deploy.0 = Debug Private Beta|Any CPU
		{B4E6EEEF-5819-4528-8234-EA4A0EC7B6E3}.Debug Private Beta|ARM.ActiveCfg = Debug Private Beta|ARM
		{B4E6EEEF-5819-4528-8234-EA4A0EC7B6E3}.Debug Private Beta|ARM.Build.0 = Debug Private Beta|ARM
		{B4E6EEEF-5819-4528-8234-EA4A0EC7B6E3}.Debug Private Beta|ARM.Deploy.0 = Debug Private Beta|ARM
		{B4E6EEEF-5819-4528-8234-EA4A0EC7B6E3}.Debug Private Beta|Mixed Platforms.ActiveCfg = Debug Private Beta|x86
		{B4E6EEEF-5819-4528-8234-EA4A0EC7B6E3}.Debug Private Beta|Mixed Platforms.Build.0 = Debug Private Beta|x86
		{B4E6EEEF-5819-4528-8234-EA4A0EC7B6E3}.Debug Private Beta|Mixed Platforms.Deploy.0 = Debug Private Beta|x86
		{B4E6EEEF-5819-4528-8234-EA4A0EC7B6E3}.Debug Private Beta|Win32.ActiveCfg = Debug Private Beta|x86
		{B4E6EEEF-5819-4528-8234-EA4A0EC7B6E3}.Debug Private Beta|Win32.Build.0 = Debug Private Beta|x86
		{B4E6EEEF-5819-4528-8234-EA4A0EC7B6E3}.Debug Private Beta|Win32.Deploy.0 = Debug Private Beta|x86
		{B4E6EEEF-5819-4528-8234-EA4A0EC7B6E3}.Debug Private Beta|x64.ActiveCfg = Debug Private Beta|Any CPU
		{B4E6EEEF-5819-4528-8234-EA4A0EC7B6E3}.Debug Private Beta|x86.ActiveCfg = Debug Private Beta|x86
		{B4E6EEEF-5819-4528-8234-EA4A0EC7B6E3}.Debug Private Beta|x86.Build.0 = Debug Private Beta|x86
		{B4E6EEEF-5819-4528-8234-EA4A0EC7B6E3}.Debug Private Beta|x86.Deploy.0 = Debug Private Beta|x86
		{B4E6EEEF-5819-4528-8234-EA4A0EC7B6E3}.Debug|Any CPU.ActiveCfg = Debug|Any CPU
		{B4E6EEEF-5819-4528-8234-EA4A0EC7B6E3}.Debug|Any CPU.Build.0 = Debug|Any CPU
		{B4E6EEEF-5819-4528-8234-EA4A0EC7B6E3}.Debug|Any CPU.Deploy.0 = Debug|Any CPU
		{B4E6EEEF-5819-4528-8234-EA4A0EC7B6E3}.Debug|ARM.ActiveCfg = Debug|ARM
		{B4E6EEEF-5819-4528-8234-EA4A0EC7B6E3}.Debug|ARM.Build.0 = Debug|ARM
		{B4E6EEEF-5819-4528-8234-EA4A0EC7B6E3}.Debug|ARM.Deploy.0 = Debug|ARM
		{B4E6EEEF-5819-4528-8234-EA4A0EC7B6E3}.Debug|Mixed Platforms.ActiveCfg = Debug|x86
		{B4E6EEEF-5819-4528-8234-EA4A0EC7B6E3}.Debug|Mixed Platforms.Build.0 = Debug|x86
		{B4E6EEEF-5819-4528-8234-EA4A0EC7B6E3}.Debug|Mixed Platforms.Deploy.0 = Debug|x86
		{B4E6EEEF-5819-4528-8234-EA4A0EC7B6E3}.Debug|Win32.ActiveCfg = Debug|x86
		{B4E6EEEF-5819-4528-8234-EA4A0EC7B6E3}.Debug|Win32.Build.0 = Debug|x86
		{B4E6EEEF-5819-4528-8234-EA4A0EC7B6E3}.Debug|Win32.Deploy.0 = Debug|x86
		{B4E6EEEF-5819-4528-8234-EA4A0EC7B6E3}.Debug|x64.ActiveCfg = Debug|Any CPU
		{B4E6EEEF-5819-4528-8234-EA4A0EC7B6E3}.Debug|x86.ActiveCfg = Debug|x86
		{B4E6EEEF-5819-4528-8234-EA4A0EC7B6E3}.Debug|x86.Build.0 = Debug|x86
		{B4E6EEEF-5819-4528-8234-EA4A0EC7B6E3}.Debug|x86.Deploy.0 = Debug|x86
		{B4E6EEEF-5819-4528-8234-EA4A0EC7B6E3}.Release Private Beta|Any CPU.ActiveCfg = Release Private Beta|Any CPU
		{B4E6EEEF-5819-4528-8234-EA4A0EC7B6E3}.Release Private Beta|Any CPU.Build.0 = Release Private Beta|Any CPU
		{B4E6EEEF-5819-4528-8234-EA4A0EC7B6E3}.Release Private Beta|Any CPU.Deploy.0 = Release Private Beta|Any CPU
		{B4E6EEEF-5819-4528-8234-EA4A0EC7B6E3}.Release Private Beta|ARM.ActiveCfg = Release Private Beta|ARM
		{B4E6EEEF-5819-4528-8234-EA4A0EC7B6E3}.Release Private Beta|ARM.Build.0 = Release Private Beta|ARM
		{B4E6EEEF-5819-4528-8234-EA4A0EC7B6E3}.Release Private Beta|ARM.Deploy.0 = Release Private Beta|ARM
		{B4E6EEEF-5819-4528-8234-EA4A0EC7B6E3}.Release Private Beta|Mixed Platforms.ActiveCfg = Release Private Beta|x86
		{B4E6EEEF-5819-4528-8234-EA4A0EC7B6E3}.Release Private Beta|Mixed Platforms.Build.0 = Release Private Beta|x86
		{B4E6EEEF-5819-4528-8234-EA4A0EC7B6E3}.Release Private Beta|Mixed Platforms.Deploy.0 = Release Private Beta|x86
		{B4E6EEEF-5819-4528-8234-EA4A0EC7B6E3}.Release Private Beta|Win32.ActiveCfg = Release Private Beta|x86
		{B4E6EEEF-5819-4528-8234-EA4A0EC7B6E3}.Release Private Beta|Win32.Build.0 = Release Private Beta|x86
		{B4E6EEEF-5819-4528-8234-EA4A0EC7B6E3}.Release Private Beta|Win32.Deploy.0 = Release Private Beta|x86
		{B4E6EEEF-5819-4528-8234-EA4A0EC7B6E3}.Release Private Beta|x64.ActiveCfg = Release Private Beta|Any CPU
		{B4E6EEEF-5819-4528-8234-EA4A0EC7B6E3}.Release Private Beta|x86.ActiveCfg = Release Private Beta|x86
		{B4E6EEEF-5819-4528-8234-EA4A0EC7B6E3}.Release Private Beta|x86.Build.0 = Release Private Beta|x86
		{B4E6EEEF-5819-4528-8234-EA4A0EC7B6E3}.Release Private Beta|x86.Deploy.0 = Release Private Beta|x86
		{B4E6EEEF-5819-4528-8234-EA4A0EC7B6E3}.Release|Any CPU.ActiveCfg = Release|Any CPU
		{B4E6EEEF-5819-4528-8234-EA4A0EC7B6E3}.Release|Any CPU.Build.0 = Release|Any CPU
		{B4E6EEEF-5819-4528-8234-EA4A0EC7B6E3}.Release|Any CPU.Deploy.0 = Release|Any CPU
		{B4E6EEEF-5819-4528-8234-EA4A0EC7B6E3}.Release|ARM.ActiveCfg = Release|ARM
		{B4E6EEEF-5819-4528-8234-EA4A0EC7B6E3}.Release|ARM.Build.0 = Release|ARM
		{B4E6EEEF-5819-4528-8234-EA4A0EC7B6E3}.Release|ARM.Deploy.0 = Release|ARM
		{B4E6EEEF-5819-4528-8234-EA4A0EC7B6E3}.Release|Mixed Platforms.ActiveCfg = Release|x86
		{B4E6EEEF-5819-4528-8234-EA4A0EC7B6E3}.Release|Mixed Platforms.Build.0 = Release|x86
		{B4E6EEEF-5819-4528-8234-EA4A0EC7B6E3}.Release|Mixed Platforms.Deploy.0 = Release|x86
		{B4E6EEEF-5819-4528-8234-EA4A0EC7B6E3}.Release|Win32.ActiveCfg = Release|x86
		{B4E6EEEF-5819-4528-8234-EA4A0EC7B6E3}.Release|Win32.Build.0 = Release|x86
		{B4E6EEEF-5819-4528-8234-EA4A0EC7B6E3}.Release|Win32.Deploy.0 = Release|x86
		{B4E6EEEF-5819-4528-8234-EA4A0EC7B6E3}.Release|x64.ActiveCfg = Release|Any CPU
		{B4E6EEEF-5819-4528-8234-EA4A0EC7B6E3}.Release|x86.ActiveCfg = Release|x86
		{B4E6EEEF-5819-4528-8234-EA4A0EC7B6E3}.Release|x86.Build.0 = Release|x86
		{B4E6EEEF-5819-4528-8234-EA4A0EC7B6E3}.Release|x86.Deploy.0 = Release|x86
		{FAE12FD9-EDCA-433E-AD11-F1663A998F35}.Debug Private Beta|Any CPU.ActiveCfg = Debug|Win32
		{FAE12FD9-EDCA-433E-AD11-F1663A998F35}.Debug Private Beta|ARM.ActiveCfg = Debug|ARM
		{FAE12FD9-EDCA-433E-AD11-F1663A998F35}.Debug Private Beta|ARM.Build.0 = Debug|ARM
		{FAE12FD9-EDCA-433E-AD11-F1663A998F35}.Debug Private Beta|Mixed Platforms.ActiveCfg = Debug|Win32
		{FAE12FD9-EDCA-433E-AD11-F1663A998F35}.Debug Private Beta|Mixed Platforms.Build.0 = Debug|Win32
		{FAE12FD9-EDCA-433E-AD11-F1663A998F35}.Debug Private Beta|Win32.ActiveCfg = Debug|Win32
		{FAE12FD9-EDCA-433E-AD11-F1663A998F35}.Debug Private Beta|Win32.Build.0 = Debug|Win32
		{FAE12FD9-EDCA-433E-AD11-F1663A998F35}.Debug Private Beta|x64.ActiveCfg = Debug|Win32
		{FAE12FD9-EDCA-433E-AD11-F1663A998F35}.Debug Private Beta|x86.ActiveCfg = Debug|Win32
		{FAE12FD9-EDCA-433E-AD11-F1663A998F35}.Debug Private Beta|x86.Build.0 = Debug|Win32
		{FAE12FD9-EDCA-433E-AD11-F1663A998F35}.Debug|Any CPU.ActiveCfg = Debug|Win32
		{FAE12FD9-EDCA-433E-AD11-F1663A998F35}.Debug|ARM.ActiveCfg = Debug|ARM
		{FAE12FD9-EDCA-433E-AD11-F1663A998F35}.Debug|Mixed Platforms.ActiveCfg = Debug|Win32
		{FAE12FD9-EDCA-433E-AD11-F1663A998F35}.Debug|Mixed Platforms.Build.0 = Debug|Win32
		{FAE12FD9-EDCA-433E-AD11-F1663A998F35}.Debug|Win32.ActiveCfg = Debug|Win32
		{FAE12FD9-EDCA-433E-AD11-F1663A998F35}.Debug|Win32.Build.0 = Debug|Win32
		{FAE12FD9-EDCA-433E-AD11-F1663A998F35}.Debug|x64.ActiveCfg = Debug|Win32
		{FAE12FD9-EDCA-433E-AD11-F1663A998F35}.Debug|x86.ActiveCfg = Debug|Win32
		{FAE12FD9-EDCA-433E-AD11-F1663A998F35}.Debug|x86.Build.0 = Debug|Win32
		{FAE12FD9-EDCA-433E-AD11-F1663A998F35}.Release Private Beta|Any CPU.ActiveCfg = Release|Win32
		{FAE12FD9-EDCA-433E-AD11-F1663A998F35}.Release Private Beta|ARM.ActiveCfg = Release|ARM
		{FAE12FD9-EDCA-433E-AD11-F1663A998F35}.Release Private Beta|ARM.Build.0 = Release|ARM
		{FAE12FD9-EDCA-433E-AD11-F1663A998F35}.Release Private Beta|Mixed Platforms.ActiveCfg = Release|Win32
		{FAE12FD9-EDCA-433E-AD11-F1663A998F35}.Release Private Beta|Mixed Platforms.Build.0 = Release|Win32
		{FAE12FD9-EDCA-433E-AD11-F1663A998F35}.Release Private Beta|Win32.ActiveCfg = Release|Win32
		{FAE12FD9-EDCA-433E-AD11-F1663A998F35}.Release Private Beta|Win32.Build.0 = Release|Win32
		{FAE12FD9-EDCA-433E-AD11-F1663A998F35}.Release Private Beta|x64.ActiveCfg = Release|Win32
		{FAE12FD9-EDCA-433E-AD11-F1663A998F35}.Release Private Beta|x86.ActiveCfg = Release|Win32
		{FAE12FD9-EDCA-433E-AD11-F1663A998F35}.Release Private Beta|x86.Build.0 = Release|Win32
		{FAE12FD9-EDCA-433E-AD11-F1663A998F35}.Release|Any CPU.ActiveCfg = Release|Win32
		{FAE12FD9-EDCA-433E-AD11-F1663A998F35}.Release|ARM.ActiveCfg = Release|ARM
		{FAE12FD9-EDCA-433E-AD11-F1663A998F35}.Release|ARM.Build.0 = Release|ARM
		{FAE12FD9-EDCA-433E-AD11-F1663A998F35}.Release|Mixed Platforms.ActiveCfg = Release|Win32
		{FAE12FD9-EDCA-433E-AD11-F1663A998F35}.Release|Mixed Platforms.Build.0 = Release|Win32
		{FAE12FD9-EDCA-433E-AD11-F1663A998F35}.Release|Win32.ActiveCfg = Release|Win32
		{FAE12FD9-EDCA-433E-AD11-F1663A998F35}.Release|Win32.Build.0 = Release|Win32
		{FAE12FD9-EDCA-433E-AD11-F1663A998F35}.Release|x64.ActiveCfg = Release|Win32
		{FAE12FD9-EDCA-433E-AD11-F1663A998F35}.Release|x86.ActiveCfg = Release|Win32
		{FAE12FD9-EDCA-433E-AD11-F1663A998F35}.Release|x86.Build.0 = Release|Win32
		{62C14349-ED3B-4FF0-8635-F970AA1A8E32}.Debug Private Beta|Any CPU.ActiveCfg = Debug|Any CPU
		{62C14349-ED3B-4FF0-8635-F970AA1A8E32}.Debug Private Beta|Any CPU.Build.0 = Debug|Any CPU
		{62C14349-ED3B-4FF0-8635-F970AA1A8E32}.Debug Private Beta|ARM.ActiveCfg = Debug|ARM
		{62C14349-ED3B-4FF0-8635-F970AA1A8E32}.Debug Private Beta|ARM.Build.0 = Debug|ARM
		{62C14349-ED3B-4FF0-8635-F970AA1A8E32}.Debug Private Beta|Mixed Platforms.ActiveCfg = Debug|x86
		{62C14349-ED3B-4FF0-8635-F970AA1A8E32}.Debug Private Beta|Mixed Platforms.Build.0 = Debug|x86
		{62C14349-ED3B-4FF0-8635-F970AA1A8E32}.Debug Private Beta|Win32.ActiveCfg = Debug|x86
		{62C14349-ED3B-4FF0-8635-F970AA1A8E32}.Debug Private Beta|Win32.Build.0 = Debug|x86
		{62C14349-ED3B-4FF0-8635-F970AA1A8E32}.Debug Private Beta|x64.ActiveCfg = Debug|Any CPU
		{62C14349-ED3B-4FF0-8635-F970AA1A8E32}.Debug Private Beta|x86.ActiveCfg = Debug|x86
		{62C14349-ED3B-4FF0-8635-F970AA1A8E32}.Debug Private Beta|x86.Build.0 = Debug|x86
		{62C14349-ED3B-4FF0-8635-F970AA1A8E32}.Debug|Any CPU.ActiveCfg = Debug|Any CPU
		{62C14349-ED3B-4FF0-8635-F970AA1A8E32}.Debug|Any CPU.Build.0 = Debug|Any CPU
		{62C14349-ED3B-4FF0-8635-F970AA1A8E32}.Debug|ARM.ActiveCfg = Debug|ARM
		{62C14349-ED3B-4FF0-8635-F970AA1A8E32}.Debug|Mixed Platforms.ActiveCfg = Debug|x86
		{62C14349-ED3B-4FF0-8635-F970AA1A8E32}.Debug|Mixed Platforms.Build.0 = Debug|x86
		{62C14349-ED3B-4FF0-8635-F970AA1A8E32}.Debug|Win32.ActiveCfg = Debug|x86
		{62C14349-ED3B-4FF0-8635-F970AA1A8E32}.Debug|Win32.Build.0 = Debug|x86
		{62C14349-ED3B-4FF0-8635-F970AA1A8E32}.Debug|x64.ActiveCfg = Debug|Any CPU
		{62C14349-ED3B-4FF0-8635-F970AA1A8E32}.Debug|x86.ActiveCfg = Debug|x86
		{62C14349-ED3B-4FF0-8635-F970AA1A8E32}.Debug|x86.Build.0 = Debug|x86
		{62C14349-ED3B-4FF0-8635-F970AA1A8E32}.Release Private Beta|Any CPU.ActiveCfg = Release|Any CPU
		{62C14349-ED3B-4FF0-8635-F970AA1A8E32}.Release Private Beta|Any CPU.Build.0 = Release|Any CPU
		{62C14349-ED3B-4FF0-8635-F970AA1A8E32}.Release Private Beta|ARM.ActiveCfg = Release|ARM
		{62C14349-ED3B-4FF0-8635-F970AA1A8E32}.Release Private Beta|ARM.Build.0 = Release|ARM
		{62C14349-ED3B-4FF0-8635-F970AA1A8E32}.Release Private Beta|Mixed Platforms.ActiveCfg = Release|x86
		{62C14349-ED3B-4FF0-8635-F970AA1A8E32}.Release Private Beta|Mixed Platforms.Build.0 = Release|x86
		{62C14349-ED3B-4FF0-8635-F970AA1A8E32}.Release Private Beta|Win32.ActiveCfg = Release|x86
		{62C14349-ED3B-4FF0-8635-F970AA1A8E32}.Release Private Beta|Win32.Build.0 = Release|x86
		{62C14349-ED3B-4FF0-8635-F970AA1A8E32}.Release Private Beta|x64.ActiveCfg = Release|Any CPU
		{62C14349-ED3B-4FF0-8635-F970AA1A8E32}.Release Private Beta|x86.ActiveCfg = Release|x86
		{62C14349-ED3B-4FF0-8635-F970AA1A8E32}.Release Private Beta|x86.Build.0 = Release|x86
		{62C14349-ED3B-4FF0-8635-F970AA1A8E32}.Release|Any CPU.ActiveCfg = Release|Any CPU
		{62C14349-ED3B-4FF0-8635-F970AA1A8E32}.Release|Any CPU.Build.0 = Release|Any CPU
		{62C14349-ED3B-4FF0-8635-F970AA1A8E32}.Release|ARM.ActiveCfg = Release|ARM
		{62C14349-ED3B-4FF0-8635-F970AA1A8E32}.Release|ARM.Build.0 = Release|ARM
		{62C14349-ED3B-4FF0-8635-F970AA1A8E32}.Release|Mixed Platforms.ActiveCfg = Release|x86
		{62C14349-ED3B-4FF0-8635-F970AA1A8E32}.Release|Mixed Platforms.Build.0 = Release|x86
		{62C14349-ED3B-4FF0-8635-F970AA1A8E32}.Release|Win32.ActiveCfg = Release|x86
		{62C14349-ED3B-4FF0-8635-F970AA1A8E32}.Release|Win32.Build.0 = Release|x86
		{62C14349-ED3B-4FF0-8635-F970AA1A8E32}.Release|x64.ActiveCfg = Release|Any CPU
		{62C14349-ED3B-4FF0-8635-F970AA1A8E32}.Release|x86.ActiveCfg = Release|x86
		{62C14349-ED3B-4FF0-8635-F970AA1A8E32}.Release|x86.Build.0 = Release|x86
		{997BD0C4-68E8-4495-904A-EB798B166832}.Debug Private Beta|Any CPU.ActiveCfg = Debug|Any CPU
		{997BD0C4-68E8-4495-904A-EB798B166832}.Debug Private Beta|Any CPU.Build.0 = Debug|Any CPU
		{997BD0C4-68E8-4495-904A-EB798B166832}.Debug Private Beta|ARM.ActiveCfg = Debug|ARM
		{997BD0C4-68E8-4495-904A-EB798B166832}.Debug Private Beta|ARM.Build.0 = Debug|ARM
		{997BD0C4-68E8-4495-904A-EB798B166832}.Debug Private Beta|Mixed Platforms.ActiveCfg = Debug|x86
		{997BD0C4-68E8-4495-904A-EB798B166832}.Debug Private Beta|Mixed Platforms.Build.0 = Debug|x86
		{997BD0C4-68E8-4495-904A-EB798B166832}.Debug Private Beta|Win32.ActiveCfg = Debug|x86
		{997BD0C4-68E8-4495-904A-EB798B166832}.Debug Private Beta|Win32.Build.0 = Debug|x86
		{997BD0C4-68E8-4495-904A-EB798B166832}.Debug Private Beta|x64.ActiveCfg = Debug|Any CPU
		{997BD0C4-68E8-4495-904A-EB798B166832}.Debug Private Beta|x86.ActiveCfg = Debug|x86
		{997BD0C4-68E8-4495-904A-EB798B166832}.Debug Private Beta|x86.Build.0 = Debug|x86
		{997BD0C4-68E8-4495-904A-EB798B166832}.Debug|Any CPU.ActiveCfg = Debug|Any CPU
		{997BD0C4-68E8-4495-904A-EB798B166832}.Debug|Any CPU.Build.0 = Debug|Any CPU
		{997BD0C4-68E8-4495-904A-EB798B166832}.Debug|ARM.ActiveCfg = Debug|ARM
		{997BD0C4-68E8-4495-904A-EB798B166832}.Debug|Mixed Platforms.ActiveCfg = Debug|x86
		{997BD0C4-68E8-4495-904A-EB798B166832}.Debug|Mixed Platforms.Build.0 = Debug|x86
		{997BD0C4-68E8-4495-904A-EB798B166832}.Debug|Win32.ActiveCfg = Debug|x86
		{997BD0C4-68E8-4495-904A-EB798B166832}.Debug|Win32.Build.0 = Debug|x86
		{997BD0C4-68E8-4495-904A-EB798B166832}.Debug|x64.ActiveCfg = Debug|Any CPU
		{997BD0C4-68E8-4495-904A-EB798B166832}.Debug|x86.ActiveCfg = Debug|x86
		{997BD0C4-68E8-4495-904A-EB798B166832}.Debug|x86.Build.0 = Debug|x86
		{997BD0C4-68E8-4495-904A-EB798B166832}.Release Private Beta|Any CPU.ActiveCfg = Release|Any CPU
		{997BD0C4-68E8-4495-904A-EB798B166832}.Release Private Beta|Any CPU.Build.0 = Release|Any CPU
		{997BD0C4-68E8-4495-904A-EB798B166832}.Release Private Beta|ARM.ActiveCfg = Release|ARM
		{997BD0C4-68E8-4495-904A-EB798B166832}.Release Private Beta|ARM.Build.0 = Release|ARM
		{997BD0C4-68E8-4495-904A-EB798B166832}.Release Private Beta|Mixed Platforms.ActiveCfg = Release|x86
		{997BD0C4-68E8-4495-904A-EB798B166832}.Release Private Beta|Mixed Platforms.Build.0 = Release|x86
		{997BD0C4-68E8-4495-904A-EB798B166832}.Release Private Beta|Win32.ActiveCfg = Release|x86
		{997BD0C4-68E8-4495-904A-EB798B166832}.Release Private Beta|Win32.Build.0 = Release|x86
		{997BD0C4-68E8-4495-904A-EB798B166832}.Release Private Beta|x64.ActiveCfg = Release|Any CPU
		{997BD0C4-68E8-4495-904A-EB798B166832}.Release Private Beta|x86.ActiveCfg = Release|x86
		{997BD0C4-68E8-4495-904A-EB798B166832}.Release Private Beta|x86.Build.0 = Release|x86
		{997BD0C4-68E8-4495-904A-EB798B166832}.Release|Any CPU.ActiveCfg = Release|Any CPU
		{997BD0C4-68E8-4495-904A-EB798B166832}.Release|Any CPU.Build.0 = Release|Any CPU
		{997BD0C4-68E8-4495-904A-EB798B166832}.Release|ARM.ActiveCfg = Release|ARM
		{997BD0C4-68E8-4495-904A-EB798B166832}.Release|ARM.Build.0 = Release|ARM
		{997BD0C4-68E8-4495-904A-EB798B166832}.Release|Mixed Platforms.ActiveCfg = Release|x86
		{997BD0C4-68E8-4495-904A-EB798B166832}.Release|Mixed Platforms.Build.0 = Release|x86
		{997BD0C4-68E8-4495-904A-EB798B166832}.Release|Win32.ActiveCfg = Release|x86
		{997BD0C4-68E8-4495-904A-EB798B166832}.Release|Win32.Build.0 = Release|x86
		{997BD0C4-68E8-4495-904A-EB798B166832}.Release|x64.ActiveCfg = Release|Any CPU
		{997BD0C4-68E8-4495-904A-EB798B166832}.Release|x86.ActiveCfg = Release|x86
		{997BD0C4-68E8-4495-904A-EB798B166832}.Release|x86.Build.0 = Release|x86
		{DE897F51-AF1F-48FE-9DBB-6B308F9740D1}.Debug Private Beta|Any CPU.ActiveCfg = Debug|Any CPU
		{DE897F51-AF1F-48FE-9DBB-6B308F9740D1}.Debug Private Beta|Any CPU.Build.0 = Debug|Any CPU
		{DE897F51-AF1F-48FE-9DBB-6B308F9740D1}.Debug Private Beta|ARM.ActiveCfg = Debug|Any CPU
		{DE897F51-AF1F-48FE-9DBB-6B308F9740D1}.Debug Private Beta|Mixed Platforms.ActiveCfg = Debug|Any CPU
		{DE897F51-AF1F-48FE-9DBB-6B308F9740D1}.Debug Private Beta|Mixed Platforms.Build.0 = Debug|Any CPU
		{DE897F51-AF1F-48FE-9DBB-6B308F9740D1}.Debug Private Beta|Win32.ActiveCfg = Debug|Any CPU
		{DE897F51-AF1F-48FE-9DBB-6B308F9740D1}.Debug Private Beta|x64.ActiveCfg = Debug|Any CPU
		{DE897F51-AF1F-48FE-9DBB-6B308F9740D1}.Debug Private Beta|x86.ActiveCfg = Debug|Any CPU
		{DE897F51-AF1F-48FE-9DBB-6B308F9740D1}.Debug|Any CPU.ActiveCfg = Debug|Any CPU
		{DE897F51-AF1F-48FE-9DBB-6B308F9740D1}.Debug|Any CPU.Build.0 = Debug|Any CPU
		{DE897F51-AF1F-48FE-9DBB-6B308F9740D1}.Debug|ARM.ActiveCfg = Debug|Any CPU
		{DE897F51-AF1F-48FE-9DBB-6B308F9740D1}.Debug|Mixed Platforms.ActiveCfg = Debug|Any CPU
		{DE897F51-AF1F-48FE-9DBB-6B308F9740D1}.Debug|Mixed Platforms.Build.0 = Debug|Any CPU
		{DE897F51-AF1F-48FE-9DBB-6B308F9740D1}.Debug|Win32.ActiveCfg = Debug|Any CPU
		{DE897F51-AF1F-48FE-9DBB-6B308F9740D1}.Debug|x64.ActiveCfg = Debug|Any CPU
		{DE897F51-AF1F-48FE-9DBB-6B308F9740D1}.Debug|x86.ActiveCfg = Debug|Any CPU
		{DE897F51-AF1F-48FE-9DBB-6B308F9740D1}.Release Private Beta|Any CPU.ActiveCfg = Release|Any CPU
		{DE897F51-AF1F-48FE-9DBB-6B308F9740D1}.Release Private Beta|Any CPU.Build.0 = Release|Any CPU
		{DE897F51-AF1F-48FE-9DBB-6B308F9740D1}.Release Private Beta|ARM.ActiveCfg = Release|Any CPU
		{DE897F51-AF1F-48FE-9DBB-6B308F9740D1}.Release Private Beta|Mixed Platforms.ActiveCfg = Release|Any CPU
		{DE897F51-AF1F-48FE-9DBB-6B308F9740D1}.Release Private Beta|Mixed Platforms.Build.0 = Release|Any CPU
		{DE897F51-AF1F-48FE-9DBB-6B308F9740D1}.Release Private Beta|Win32.ActiveCfg = Release|Any CPU
		{DE897F51-AF1F-48FE-9DBB-6B308F9740D1}.Release Private Beta|x64.ActiveCfg = Release|Any CPU
		{DE897F51-AF1F-48FE-9DBB-6B308F9740D1}.Release Private Beta|x86.ActiveCfg = Release|Any CPU
		{DE897F51-AF1F-48FE-9DBB-6B308F9740D1}.Release|Any CPU.ActiveCfg = Release|Any CPU
		{DE897F51-AF1F-48FE-9DBB-6B308F9740D1}.Release|Any CPU.Build.0 = Release|Any CPU
		{DE897F51-AF1F-48FE-9DBB-6B308F9740D1}.Release|ARM.ActiveCfg = Release|Any CPU
		{DE897F51-AF1F-48FE-9DBB-6B308F9740D1}.Release|ARM.Build.0 = Release|Any CPU
		{DE897F51-AF1F-48FE-9DBB-6B308F9740D1}.Release|Mixed Platforms.ActiveCfg = Release|Any CPU
		{DE897F51-AF1F-48FE-9DBB-6B308F9740D1}.Release|Mixed Platforms.Build.0 = Release|Any CPU
		{DE897F51-AF1F-48FE-9DBB-6B308F9740D1}.Release|Win32.ActiveCfg = Release|Any CPU
		{DE897F51-AF1F-48FE-9DBB-6B308F9740D1}.Release|x64.ActiveCfg = Release|Any CPU
		{DE897F51-AF1F-48FE-9DBB-6B308F9740D1}.Release|x86.ActiveCfg = Release|Any CPU
		{EADFF7B8-E6C3-4F34-9B33-014B3035C595}.Debug Private Beta|Any CPU.ActiveCfg = Debug|Win32
		{EADFF7B8-E6C3-4F34-9B33-014B3035C595}.Debug Private Beta|ARM.ActiveCfg = Debug|ARM
		{EADFF7B8-E6C3-4F34-9B33-014B3035C595}.Debug Private Beta|ARM.Build.0 = Debug|ARM
		{EADFF7B8-E6C3-4F34-9B33-014B3035C595}.Debug Private Beta|Mixed Platforms.ActiveCfg = Debug|Win32
		{EADFF7B8-E6C3-4F34-9B33-014B3035C595}.Debug Private Beta|Mixed Platforms.Build.0 = Debug|Win32
		{EADFF7B8-E6C3-4F34-9B33-014B3035C595}.Debug Private Beta|Win32.ActiveCfg = Debug|Win32
		{EADFF7B8-E6C3-4F34-9B33-014B3035C595}.Debug Private Beta|Win32.Build.0 = Debug|Win32
		{EADFF7B8-E6C3-4F34-9B33-014B3035C595}.Debug Private Beta|x64.ActiveCfg = Debug|Win32
		{EADFF7B8-E6C3-4F34-9B33-014B3035C595}.Debug Private Beta|x86.ActiveCfg = Debug|Win32
		{EADFF7B8-E6C3-4F34-9B33-014B3035C595}.Debug Private Beta|x86.Build.0 = Debug|Win32
		{EADFF7B8-E6C3-4F34-9B33-014B3035C595}.Debug|Any CPU.ActiveCfg = Debug|Win32
		{EADFF7B8-E6C3-4F34-9B33-014B3035C595}.Debug|ARM.ActiveCfg = Debug|ARM
		{EADFF7B8-E6C3-4F34-9B33-014B3035C595}.Debug|Mixed Platforms.ActiveCfg = Debug|Win32
		{EADFF7B8-E6C3-4F34-9B33-014B3035C595}.Debug|Mixed Platforms.Build.0 = Debug|Win32
		{EADFF7B8-E6C3-4F34-9B33-014B3035C595}.Debug|Win32.ActiveCfg = Debug|Win32
		{EADFF7B8-E6C3-4F34-9B33-014B3035C595}.Debug|Win32.Build.0 = Debug|Win32
		{EADFF7B8-E6C3-4F34-9B33-014B3035C595}.Debug|x64.ActiveCfg = Debug|Win32
		{EADFF7B8-E6C3-4F34-9B33-014B3035C595}.Debug|x86.ActiveCfg = Debug|Win32
		{EADFF7B8-E6C3-4F34-9B33-014B3035C595}.Debug|x86.Build.0 = Debug|Win32
		{EADFF7B8-E6C3-4F34-9B33-014B3035C595}.Release Private Beta|Any CPU.ActiveCfg = Release|Win32
		{EADFF7B8-E6C3-4F34-9B33-014B3035C595}.Release Private Beta|ARM.ActiveCfg = Release|ARM
		{EADFF7B8-E6C3-4F34-9B33-014B3035C595}.Release Private Beta|ARM.Build.0 = Release|ARM
		{EADFF7B8-E6C3-4F34-9B33-014B3035C595}.Release Private Beta|Mixed Platforms.ActiveCfg = Release|Win32
		{EADFF7B8-E6C3-4F34-9B33-014B3035C595}.Release Private Beta|Mixed Platforms.Build.0 = Release|Win32
		{EADFF7B8-E6C3-4F34-9B33-014B3035C595}.Release Private Beta|Win32.ActiveCfg = Release|Win32
		{EADFF7B8-E6C3-4F34-9B33-014B3035C595}.Release Private Beta|Win32.Build.0 = Release|Win32
		{EADFF7B8-E6C3-4F34-9B33-014B3035C595}.Release Private Beta|x64.ActiveCfg = Release|Win32
		{EADFF7B8-E6C3-4F34-9B33-014B3035C595}.Release Private Beta|x86.ActiveCfg = Release|Win32
		{EADFF7B8-E6C3-4F34-9B33-014B3035C595}.Release Private Beta|x86.Build.0 = Release|Win32
		{EADFF7B8-E6C3-4F34-9B33-014B3035C595}.Release|Any CPU.ActiveCfg = Release|Win32
		{EADFF7B8-E6C3-4F34-9B33-014B3035C595}.Release|ARM.ActiveCfg = Release|ARM
		{EADFF7B8-E6C3-4F34-9B33-014B3035C595}.Release|ARM.Build.0 = Release|ARM
		{EADFF7B8-E6C3-4F34-9B33-014B3035C595}.Release|Mixed Platforms.ActiveCfg = Release|Win32
		{EADFF7B8-E6C3-4F34-9B33-014B3035C595}.Release|Mixed Platforms.Build.0 = Release|Win32
		{EADFF7B8-E6C3-4F34-9B33-014B3035C595}.Release|Win32.ActiveCfg = Release|Win32
		{EADFF7B8-E6C3-4F34-9B33-014B3035C595}.Release|Win32.Build.0 = Release|Win32
		{EADFF7B8-E6C3-4F34-9B33-014B3035C595}.Release|x64.ActiveCfg = Release|Win32
		{EADFF7B8-E6C3-4F34-9B33-014B3035C595}.Release|x86.ActiveCfg = Release|Win32
		{EADFF7B8-E6C3-4F34-9B33-014B3035C595}.Release|x86.Build.0 = Release|Win32
		{EBC5CA98-87F1-4A01-A48D-69659C103E72}.Debug Private Beta|Any CPU.ActiveCfg = Debug|Win32
		{EBC5CA98-87F1-4A01-A48D-69659C103E72}.Debug Private Beta|ARM.ActiveCfg = Debug|ARM
		{EBC5CA98-87F1-4A01-A48D-69659C103E72}.Debug Private Beta|ARM.Build.0 = Debug|ARM
		{EBC5CA98-87F1-4A01-A48D-69659C103E72}.Debug Private Beta|Mixed Platforms.ActiveCfg = Debug|Win32
		{EBC5CA98-87F1-4A01-A48D-69659C103E72}.Debug Private Beta|Mixed Platforms.Build.0 = Debug|Win32
		{EBC5CA98-87F1-4A01-A48D-69659C103E72}.Debug Private Beta|Win32.ActiveCfg = Debug|Win32
		{EBC5CA98-87F1-4A01-A48D-69659C103E72}.Debug Private Beta|Win32.Build.0 = Debug|Win32
		{EBC5CA98-87F1-4A01-A48D-69659C103E72}.Debug Private Beta|x64.ActiveCfg = Debug|Win32
		{EBC5CA98-87F1-4A01-A48D-69659C103E72}.Debug Private Beta|x86.ActiveCfg = Debug|Win32
		{EBC5CA98-87F1-4A01-A48D-69659C103E72}.Debug Private Beta|x86.Build.0 = Debug|Win32
		{EBC5CA98-87F1-4A01-A48D-69659C103E72}.Debug|Any CPU.ActiveCfg = Debug|Win32
		{EBC5CA98-87F1-4A01-A48D-69659C103E72}.Debug|ARM.ActiveCfg = Debug|ARM
		{EBC5CA98-87F1-4A01-A48D-69659C103E72}.Debug|ARM.Build.0 = Debug|ARM
		{EBC5CA98-87F1-4A01-A48D-69659C103E72}.Debug|Mixed Platforms.ActiveCfg = Debug|Win32
		{EBC5CA98-87F1-4A01-A48D-69659C103E72}.Debug|Mixed Platforms.Build.0 = Debug|Win32
		{EBC5CA98-87F1-4A01-A48D-69659C103E72}.Debug|Win32.ActiveCfg = Debug|Win32
		{EBC5CA98-87F1-4A01-A48D-69659C103E72}.Debug|Win32.Build.0 = Debug|Win32
		{EBC5CA98-87F1-4A01-A48D-69659C103E72}.Debug|x64.ActiveCfg = Debug|Win32
		{EBC5CA98-87F1-4A01-A48D-69659C103E72}.Debug|x86.ActiveCfg = Debug|Win32
		{EBC5CA98-87F1-4A01-A48D-69659C103E72}.Debug|x86.Build.0 = Debug|Win32
		{EBC5CA98-87F1-4A01-A48D-69659C103E72}.Release Private Beta|Any CPU.ActiveCfg = Release|Win32
		{EBC5CA98-87F1-4A01-A48D-69659C103E72}.Release Private Beta|ARM.ActiveCfg = Release|ARM
		{EBC5CA98-87F1-4A01-A48D-69659C103E72}.Release Private Beta|ARM.Build.0 = Release|ARM
		{EBC5CA98-87F1-4A01-A48D-69659C103E72}.Release Private Beta|Mixed Platforms.ActiveCfg = Release|Win32
		{EBC5CA98-87F1-4A01-A48D-69659C103E72}.Release Private Beta|Mixed Platforms.Build.0 = Release|Win32
		{EBC5CA98-87F1-4A01-A48D-69659C103E72}.Release Private Beta|Win32.ActiveCfg = Release|Win32
		{EBC5CA98-87F1-4A01-A48D-69659C103E72}.Release Private Beta|Win32.Build.0 = Release|Win32
		{EBC5CA98-87F1-4A01-A48D-69659C103E72}.Release Private Beta|x64.ActiveCfg = Release|Win32
		{EBC5CA98-87F1-4A01-A48D-69659C103E72}.Release Private Beta|x86.ActiveCfg = Release|Win32
		{EBC5CA98-87F1-4A01-A48D-69659C103E72}.Release Private Beta|x86.Build.0 = Release|Win32
		{EBC5CA98-87F1-4A01-A48D-69659C103E72}.Release|Any CPU.ActiveCfg = Release|Win32
		{EBC5CA98-87F1-4A01-A48D-69659C103E72}.Release|ARM.ActiveCfg = Release|ARM
		{EBC5CA98-87F1-4A01-A48D-69659C103E72}.Release|ARM.Build.0 = Release|ARM
		{EBC5CA98-87F1-4A01-A48D-69659C103E72}.Release|Mixed Platforms.ActiveCfg = Release|Win32
		{EBC5CA98-87F1-4A01-A48D-69659C103E72}.Release|Mixed Platforms.Build.0 = Release|Win32
		{EBC5CA98-87F1-4A01-A48D-69659C103E72}.Release|Win32.ActiveCfg = Release|Win32
		{EBC5CA98-87F1-4A01-A48D-69659C103E72}.Release|Win32.Build.0 = Release|Win32
		{EBC5CA98-87F1-4A01-A48D-69659C103E72}.Release|x64.ActiveCfg = Release|Win32
		{EBC5CA98-87F1-4A01-A48D-69659C103E72}.Release|x86.ActiveCfg = Release|Win32
		{EBC5CA98-87F1-4A01-A48D-69659C103E72}.Release|x86.Build.0 = Release|Win32
		{21F10158-C078-4BD7-A82A-9C4AEB8E2F8E}.Debug Private Beta|Any CPU.ActiveCfg = Debug|Win32
		{21F10158-C078-4BD7-A82A-9C4AEB8E2F8E}.Debug Private Beta|ARM.ActiveCfg = Debug|ARM
		{21F10158-C078-4BD7-A82A-9C4AEB8E2F8E}.Debug Private Beta|ARM.Build.0 = Debug|ARM
		{21F10158-C078-4BD7-A82A-9C4AEB8E2F8E}.Debug Private Beta|Mixed Platforms.ActiveCfg = Debug|Win32
		{21F10158-C078-4BD7-A82A-9C4AEB8E2F8E}.Debug Private Beta|Mixed Platforms.Build.0 = Debug|Win32
		{21F10158-C078-4BD7-A82A-9C4AEB8E2F8E}.Debug Private Beta|Win32.ActiveCfg = Debug|Win32
		{21F10158-C078-4BD7-A82A-9C4AEB8E2F8E}.Debug Private Beta|Win32.Build.0 = Debug|Win32
		{21F10158-C078-4BD7-A82A-9C4AEB8E2F8E}.Debug Private Beta|x64.ActiveCfg = Debug|Win32
		{21F10158-C078-4BD7-A82A-9C4AEB8E2F8E}.Debug Private Beta|x86.ActiveCfg = Debug|Win32
		{21F10158-C078-4BD7-A82A-9C4AEB8E2F8E}.Debug Private Beta|x86.Build.0 = Debug|Win32
		{21F10158-C078-4BD7-A82A-9C4AEB8E2F8E}.Debug|Any CPU.ActiveCfg = Debug|Win32
		{21F10158-C078-4BD7-A82A-9C4AEB8E2F8E}.Debug|ARM.ActiveCfg = Debug|ARM
		{21F10158-C078-4BD7-A82A-9C4AEB8E2F8E}.Debug|ARM.Build.0 = Debug|ARM
		{21F10158-C078-4BD7-A82A-9C4AEB8E2F8E}.Debug|Mixed Platforms.ActiveCfg = Debug|Win32
		{21F10158-C078-4BD7-A82A-9C4AEB8E2F8E}.Debug|Mixed Platforms.Build.0 = Debug|Win32
		{21F10158-C078-4BD7-A82A-9C4AEB8E2F8E}.Debug|Win32.ActiveCfg = Debug|Win32
		{21F10158-C078-4BD7-A82A-9C4AEB8E2F8E}.Debug|Win32.Build.0 = Debug|Win32
		{21F10158-C078-4BD7-A82A-9C4AEB8E2F8E}.Debug|x64.ActiveCfg = Debug|Win32
		{21F10158-C078-4BD7-A82A-9C4AEB8E2F8E}.Debug|x86.ActiveCfg = Debug|Win32
		{21F10158-C078-4BD7-A82A-9C4AEB8E2F8E}.Debug|x86.Build.0 = Debug|Win32
		{21F10158-C078-4BD7-A82A-9C4AEB8E2F8E}.Release Private Beta|Any CPU.ActiveCfg = Release|Win32
		{21F10158-C078-4BD7-A82A-9C4AEB8E2F8E}.Release Private Beta|ARM.ActiveCfg = Release|ARM
		{21F10158-C078-4BD7-A82A-9C4AEB8E2F8E}.Release Private Beta|ARM.Build.0 = Release|ARM
		{21F10158-C078-4BD7-A82A-9C4AEB8E2F8E}.Release Private Beta|Mixed Platforms.ActiveCfg = Release|Win32
		{21F10158-C078-4BD7-A82A-9C4AEB8E2F8E}.Release Private Beta|Mixed Platforms.Build.0 = Release|Win32
		{21F10158-C078-4BD7-A82A-9C4AEB8E2F8E}.Release Private Beta|Win32.ActiveCfg = Release|Win32
		{21F10158-C078-4BD7-A82A-9C4AEB8E2F8E}.Release Private Beta|Win32.Build.0 = Release|Win32
		{21F10158-C078-4BD7-A82A-9C4AEB8E2F8E}.Release Private Beta|x64.ActiveCfg = Release|Win32
		{21F10158-C078-4BD7-A82A-9C4AEB8E2F8E}.Release Private Beta|x86.ActiveCfg = Release|Win32
		{21F10158-C078-4BD7-A82A-9C4AEB8E2F8E}.Release Private Beta|x86.Build.0 = Release|Win32
		{21F10158-C078-4BD7-A82A-9C4AEB8E2F8E}.Release|Any CPU.ActiveCfg = Release|Win32
		{21F10158-C078-4BD7-A82A-9C4AEB8E2F8E}.Release|ARM.ActiveCfg = Release|ARM
		{21F10158-C078-4BD7-A82A-9C4AEB8E2F8E}.Release|ARM.Build.0 = Release|ARM
		{21F10158-C078-4BD7-A82A-9C4AEB8E2F8E}.Release|Mixed Platforms.ActiveCfg = Release|Win32
		{21F10158-C078-4BD7-A82A-9C4AEB8E2F8E}.Release|Mixed Platforms.Build.0 = Release|Win32
		{21F10158-C078-4BD7-A82A-9C4AEB8E2F8E}.Release|Win32.ActiveCfg = Release|Win32
		{21F10158-C078-4BD7-A82A-9C4AEB8E2F8E}.Release|Win32.Build.0 = Release|Win32
		{21F10158-C078-4BD7-A82A-9C4AEB8E2F8E}.Release|x64.ActiveCfg = Release|Win32
		{21F10158-C078-4BD7-A82A-9C4AEB8E2F8E}.Release|x86.ActiveCfg = Release|Win32
		{21F10158-C078-4BD7-A82A-9C4AEB8E2F8E}.Release|x86.Build.0 = Release|Win32
		{0A402E0E-CEE9-477E-B17A-A4B01BB1448C}.Debug Private Beta|Any CPU.ActiveCfg = Debug|Win32
		{0A402E0E-CEE9-477E-B17A-A4B01BB1448C}.Debug Private Beta|ARM.ActiveCfg = Debug|ARM
		{0A402E0E-CEE9-477E-B17A-A4B01BB1448C}.Debug Private Beta|ARM.Build.0 = Debug|ARM
		{0A402E0E-CEE9-477E-B17A-A4B01BB1448C}.Debug Private Beta|ARM.Deploy.0 = Debug|ARM
		{0A402E0E-CEE9-477E-B17A-A4B01BB1448C}.Debug Private Beta|Mixed Platforms.ActiveCfg = Debug|Win32
		{0A402E0E-CEE9-477E-B17A-A4B01BB1448C}.Debug Private Beta|Mixed Platforms.Build.0 = Debug|Win32
		{0A402E0E-CEE9-477E-B17A-A4B01BB1448C}.Debug Private Beta|Mixed Platforms.Deploy.0 = Debug|Win32
		{0A402E0E-CEE9-477E-B17A-A4B01BB1448C}.Debug Private Beta|Win32.ActiveCfg = Debug|Win32
		{0A402E0E-CEE9-477E-B17A-A4B01BB1448C}.Debug Private Beta|Win32.Build.0 = Debug|Win32
		{0A402E0E-CEE9-477E-B17A-A4B01BB1448C}.Debug Private Beta|Win32.Deploy.0 = Debug|Win32
		{0A402E0E-CEE9-477E-B17A-A4B01BB1448C}.Debug Private Beta|x64.ActiveCfg = Debug|Win32
		{0A402E0E-CEE9-477E-B17A-A4B01BB1448C}.Debug Private Beta|x86.ActiveCfg = Debug|Win32
		{0A402E0E-CEE9-477E-B17A-A4B01BB1448C}.Debug Private Beta|x86.Build.0 = Debug|Win32
		{0A402E0E-CEE9-477E-B17A-A4B01BB1448C}.Debug Private Beta|x86.Deploy.0 = Debug|Win32
		{0A402E0E-CEE9-477E-B17A-A4B01BB1448C}.Debug|Any CPU.ActiveCfg = Debug|Win32
		{0A402E0E-CEE9-477E-B17A-A4B01BB1448C}.Debug|ARM.ActiveCfg = Debug|ARM
		{0A402E0E-CEE9-477E-B17A-A4B01BB1448C}.Debug|ARM.Build.0 = Debug|ARM
		{0A402E0E-CEE9-477E-B17A-A4B01BB1448C}.Debug|ARM.Deploy.0 = Debug|ARM
		{0A402E0E-CEE9-477E-B17A-A4B01BB1448C}.Debug|Mixed Platforms.ActiveCfg = Debug|Win32
		{0A402E0E-CEE9-477E-B17A-A4B01BB1448C}.Debug|Mixed Platforms.Build.0 = Debug|Win32
		{0A402E0E-CEE9-477E-B17A-A4B01BB1448C}.Debug|Mixed Platforms.Deploy.0 = Debug|Win32
		{0A402E0E-CEE9-477E-B17A-A4B01BB1448C}.Debug|Win32.ActiveCfg = Debug|Win32
		{0A402E0E-CEE9-477E-B17A-A4B01BB1448C}.Debug|Win32.Build.0 = Debug|Win32
		{0A402E0E-CEE9-477E-B17A-A4B01BB1448C}.Debug|Win32.Deploy.0 = Debug|Win32
		{0A402E0E-CEE9-477E-B17A-A4B01BB1448C}.Debug|x64.ActiveCfg = Debug|Win32
		{0A402E0E-CEE9-477E-B17A-A4B01BB1448C}.Debug|x86.ActiveCfg = Debug|Win32
		{0A402E0E-CEE9-477E-B17A-A4B01BB1448C}.Debug|x86.Build.0 = Debug|Win32
		{0A402E0E-CEE9-477E-B17A-A4B01BB1448C}.Debug|x86.Deploy.0 = Debug|Win32
		{0A402E0E-CEE9-477E-B17A-A4B01BB1448C}.Release Private Beta|Any CPU.ActiveCfg = Release|Win32
		{0A402E0E-CEE9-477E-B17A-A4B01BB1448C}.Release Private Beta|ARM.ActiveCfg = Release|ARM
		{0A402E0E-CEE9-477E-B17A-A4B01BB1448C}.Release Private Beta|ARM.Build.0 = Release|ARM
		{0A402E0E-CEE9-477E-B17A-A4B01BB1448C}.Release Private Beta|ARM.Deploy.0 = Release|ARM
		{0A402E0E-CEE9-477E-B17A-A4B01BB1448C}.Release Private Beta|Mixed Platforms.ActiveCfg = Release|Win32
		{0A402E0E-CEE9-477E-B17A-A4B01BB1448C}.Release Private Beta|Mixed Platforms.Build.0 = Release|Win32
		{0A402E0E-CEE9-477E-B17A-A4B01BB1448C}.Release Private Beta|Mixed Platforms.Deploy.0 = Release|Win32
		{0A402E0E-CEE9-477E-B17A-A4B01BB1448C}.Release Private Beta|Win32.ActiveCfg = Release|Win32
		{0A402E0E-CEE9-477E-B17A-A4B01BB1448C}.Release Private Beta|Win32.Build.0 = Release|Win32
		{0A402E0E-CEE9-477E-B17A-A4B01BB1448C}.Release Private Beta|Win32.Deploy.0 = Release|Win32
		{0A402E0E-CEE9-477E-B17A-A4B01BB1448C}.Release Private Beta|x64.ActiveCfg = Release|Win32
		{0A402E0E-CEE9-477E-B17A-A4B01BB1448C}.Release Private Beta|x86.ActiveCfg = Release|Win32
		{0A402E0E-CEE9-477E-B17A-A4B01BB1448C}.Release Private Beta|x86.Build.0 = Release|Win32
		{0A402E0E-CEE9-477E-B17A-A4B01BB1448C}.Release Private Beta|x86.Deploy.0 = Release|Win32
		{0A402E0E-CEE9-477E-B17A-A4B01BB1448C}.Release|Any CPU.ActiveCfg = Release|Win32
		{0A402E0E-CEE9-477E-B17A-A4B01BB1448C}.Release|ARM.ActiveCfg = Release|ARM
		{0A402E0E-CEE9-477E-B17A-A4B01BB1448C}.Release|ARM.Build.0 = Release|ARM
		{0A402E0E-CEE9-477E-B17A-A4B01BB1448C}.Release|ARM.Deploy.0 = Release|ARM
		{0A402E0E-CEE9-477E-B17A-A4B01BB1448C}.Release|Mixed Platforms.ActiveCfg = Release|Win32
		{0A402E0E-CEE9-477E-B17A-A4B01BB1448C}.Release|Mixed Platforms.Build.0 = Release|Win32
		{0A402E0E-CEE9-477E-B17A-A4B01BB1448C}.Release|Mixed Platforms.Deploy.0 = Release|Win32
		{0A402E0E-CEE9-477E-B17A-A4B01BB1448C}.Release|Win32.ActiveCfg = Release|Win32
		{0A402E0E-CEE9-477E-B17A-A4B01BB1448C}.Release|Win32.Build.0 = Release|Win32
		{0A402E0E-CEE9-477E-B17A-A4B01BB1448C}.Release|Win32.Deploy.0 = Release|Win32
		{0A402E0E-CEE9-477E-B17A-A4B01BB1448C}.Release|x64.ActiveCfg = Release|Win32
		{0A402E0E-CEE9-477E-B17A-A4B01BB1448C}.Release|x86.ActiveCfg = Release|Win32
		{0A402E0E-CEE9-477E-B17A-A4B01BB1448C}.Release|x86.Build.0 = Release|Win32
		{0A402E0E-CEE9-477E-B17A-A4B01BB1448C}.Release|x86.Deploy.0 = Release|Win32
		{C8D75245-FFCF-4932-A228-C9CC8BB60B03}.Debug Private Beta|Any CPU.ActiveCfg = Debug|Win32
		{C8D75245-FFCF-4932-A228-C9CC8BB60B03}.Debug Private Beta|ARM.ActiveCfg = Debug|ARM
		{C8D75245-FFCF-4932-A228-C9CC8BB60B03}.Debug Private Beta|ARM.Build.0 = Debug|ARM
		{C8D75245-FFCF-4932-A228-C9CC8BB60B03}.Debug Private Beta|Mixed Platforms.ActiveCfg = Debug|Win32
		{C8D75245-FFCF-4932-A228-C9CC8BB60B03}.Debug Private Beta|Mixed Platforms.Build.0 = Debug|Win32
		{C8D75245-FFCF-4932-A228-C9CC8BB60B03}.Debug Private Beta|Win32.ActiveCfg = Debug|Win32
		{C8D75245-FFCF-4932-A228-C9CC8BB60B03}.Debug Private Beta|Win32.Build.0 = Debug|Win32
		{C8D75245-FFCF-4932-A228-C9CC8BB60B03}.Debug Private Beta|x64.ActiveCfg = Debug|Win32
		{C8D75245-FFCF-4932-A228-C9CC8BB60B03}.Debug Private Beta|x86.ActiveCfg = Debug|Win32
		{C8D75245-FFCF-4932-A228-C9CC8BB60B03}.Debug Private Beta|x86.Build.0 = Debug|Win32
		{C8D75245-FFCF-4932-A228-C9CC8BB60B03}.Debug|Any CPU.ActiveCfg = Debug|Win32
		{C8D75245-FFCF-4932-A228-C9CC8BB60B03}.Debug|ARM.ActiveCfg = Debug|ARM
		{C8D75245-FFCF-4932-A228-C9CC8BB60B03}.Debug|ARM.Build.0 = Debug|ARM
		{C8D75245-FFCF-4932-A228-C9CC8BB60B03}.Debug|Mixed Platforms.ActiveCfg = Debug|Win32
		{C8D75245-FFCF-4932-A228-C9CC8BB60B03}.Debug|Mixed Platforms.Build.0 = Debug|Win32
		{C8D75245-FFCF-4932-A228-C9CC8BB60B03}.Debug|Win32.ActiveCfg = Debug|Win32
		{C8D75245-FFCF-4932-A228-C9CC8BB60B03}.Debug|Win32.Build.0 = Debug|Win32
		{C8D75245-FFCF-4932-A228-C9CC8BB60B03}.Debug|x64.ActiveCfg = Debug|Win32
		{C8D75245-FFCF-4932-A228-C9CC8BB60B03}.Debug|x86.ActiveCfg = Debug|Win32
		{C8D75245-FFCF-4932-A228-C9CC8BB60B03}.Debug|x86.Build.0 = Debug|Win32
		{C8D75245-FFCF-4932-A228-C9CC8BB60B03}.Release Private Beta|Any CPU.ActiveCfg = Release|Win32
		{C8D75245-FFCF-4932-A228-C9CC8BB60B03}.Release Private Beta|ARM.ActiveCfg = Release|ARM
		{C8D75245-FFCF-4932-A228-C9CC8BB60B03}.Release Private Beta|ARM.Build.0 = Release|ARM
		{C8D75245-FFCF-4932-A228-C9CC8BB60B03}.Release Private Beta|Mixed Platforms.ActiveCfg = Release|Win32
		{C8D75245-FFCF-4932-A228-C9CC8BB60B03}.Release Private Beta|Mixed Platforms.Build.0 = Release|Win32
		{C8D75245-FFCF-4932-A228-C9CC8BB60B03}.Release Private Beta|Win32.ActiveCfg = Release|Win32
		{C8D75245-FFCF-4932-A228-C9CC8BB60B03}.Release Private Beta|Win32.Build.0 = Release|Win32
		{C8D75245-FFCF-4932-A228-C9CC8BB60B03}.Release Private Beta|x64.ActiveCfg = Release|Win32
		{C8D75245-FFCF-4932-A228-C9CC8BB60B03}.Release Private Beta|x86.ActiveCfg = Release|Win32
		{C8D75245-FFCF-4932-A228-C9CC8BB60B03}.Release Private Beta|x86.Build.0 = Release|Win32
		{C8D75245-FFCF-4932-A228-C9CC8BB60B03}.Release|Any CPU.ActiveCfg = Release|Win32
		{C8D75245-FFCF-4932-A228-C9CC8BB60B03}.Release|ARM.ActiveCfg = Release|ARM
		{C8D75245-FFCF-4932-A228-C9CC8BB60B03}.Release|ARM.Build.0 = Release|ARM
		{C8D75245-FFCF-4932-A228-C9CC8BB60B03}.Release|Mixed Platforms.ActiveCfg = Release|Win32
		{C8D75245-FFCF-4932-A228-C9CC8BB60B03}.Release|Mixed Platforms.Build.0 = Release|Win32
		{C8D75245-FFCF-4932-A228-C9CC8BB60B03}.Release|Win32.ActiveCfg = Release|Win32
		{C8D75245-FFCF-4932-A228-C9CC8BB60B03}.Release|Win32.Build.0 = Release|Win32
		{C8D75245-FFCF-4932-A228-C9CC8BB60B03}.Release|x64.ActiveCfg = Release|Win32
		{C8D75245-FFCF-4932-A228-C9CC8BB60B03}.Release|x86.ActiveCfg = Release|Win32
		{C8D75245-FFCF-4932-A228-C9CC8BB60B03}.Release|x86.Build.0 = Release|Win32
		{BBABEEA1-494C-4618-96E3-399873A5558B}.Debug Private Beta|Any CPU.ActiveCfg = Debug|Win32
		{BBABEEA1-494C-4618-96E3-399873A5558B}.Debug Private Beta|ARM.ActiveCfg = Debug|ARM
		{BBABEEA1-494C-4618-96E3-399873A5558B}.Debug Private Beta|ARM.Build.0 = Debug|ARM
		{BBABEEA1-494C-4618-96E3-399873A5558B}.Debug Private Beta|Mixed Platforms.ActiveCfg = Debug|Win32
		{BBABEEA1-494C-4618-96E3-399873A5558B}.Debug Private Beta|Mixed Platforms.Build.0 = Debug|Win32
		{BBABEEA1-494C-4618-96E3-399873A5558B}.Debug Private Beta|Win32.ActiveCfg = Debug|Win32
		{BBABEEA1-494C-4618-96E3-399873A5558B}.Debug Private Beta|Win32.Build.0 = Debug|Win32
		{BBABEEA1-494C-4618-96E3-399873A5558B}.Debug Private Beta|x64.ActiveCfg = Debug|Win32
		{BBABEEA1-494C-4618-96E3-399873A5558B}.Debug Private Beta|x86.ActiveCfg = Debug|Win32
		{BBABEEA1-494C-4618-96E3-399873A5558B}.Debug Private Beta|x86.Build.0 = Debug|Win32
		{BBABEEA1-494C-4618-96E3-399873A5558B}.Debug|Any CPU.ActiveCfg = Debug|Win32
		{BBABEEA1-494C-4618-96E3-399873A5558B}.Debug|ARM.ActiveCfg = Debug|ARM
		{BBABEEA1-494C-4618-96E3-399873A5558B}.Debug|ARM.Build.0 = Debug|ARM
		{BBABEEA1-494C-4618-96E3-399873A5558B}.Debug|Mixed Platforms.ActiveCfg = Debug|Win32
		{BBABEEA1-494C-4618-96E3-399873A5558B}.Debug|Mixed Platforms.Build.0 = Debug|Win32
		{BBABEEA1-494C-4618-96E3-399873A5558B}.Debug|Win32.ActiveCfg = Debug|Win32
		{BBABEEA1-494C-4618-96E3-399873A5558B}.Debug|Win32.Build.0 = Debug|Win32
		{BBABEEA1-494C-4618-96E3-399873A5558B}.Debug|x64.ActiveCfg = Debug|Win32
		{BBABEEA1-494C-4618-96E3-399873A5558B}.Debug|x86.ActiveCfg = Debug|Win32
		{BBABEEA1-494C-4618-96E3-399873A5558B}.Debug|x86.Build.0 = Debug|Win32
		{BBABEEA1-494C-4618-96E3-399873A5558B}.Release Private Beta|Any CPU.ActiveCfg = Release|Win32
		{BBABEEA1-494C-4618-96E3-399873A5558B}.Release Private Beta|ARM.ActiveCfg = Release|ARM
		{BBABEEA1-494C-4618-96E3-399873A5558B}.Release Private Beta|ARM.Build.0 = Release|ARM
		{BBABEEA1-494C-4618-96E3-399873A5558B}.Release Private Beta|Mixed Platforms.ActiveCfg = Release|Win32
		{BBABEEA1-494C-4618-96E3-399873A5558B}.Release Private Beta|Mixed Platforms.Build.0 = Release|Win32
		{BBABEEA1-494C-4618-96E3-399873A5558B}.Release Private Beta|Win32.ActiveCfg = Release|Win32
		{BBABEEA1-494C-4618-96E3-399873A5558B}.Release Private Beta|Win32.Build.0 = Release|Win32
		{BBABEEA1-494C-4618-96E3-399873A5558B}.Release Private Beta|x64.ActiveCfg = Release|Win32
		{BBABEEA1-494C-4618-96E3-399873A5558B}.Release Private Beta|x86.ActiveCfg = Release|Win32
		{BBABEEA1-494C-4618-96E3-399873A5558B}.Release Private Beta|x86.Build.0 = Release|Win32
		{BBABEEA1-494C-4618-96E3-399873A5558B}.Release|Any CPU.ActiveCfg = Release|Win32
		{BBABEEA1-494C-4618-96E3-399873A5558B}.Release|ARM.ActiveCfg = Release|ARM
		{BBABEEA1-494C-4618-96E3-399873A5558B}.Release|ARM.Build.0 = Release|ARM
		{BBABEEA1-494C-4618-96E3-399873A5558B}.Release|Mixed Platforms.ActiveCfg = Release|Win32
		{BBABEEA1-494C-4618-96E3-399873A5558B}.Release|Mixed Platforms.Build.0 = Release|Win32
		{BBABEEA1-494C-4618-96E3-399873A5558B}.Release|Win32.ActiveCfg = Release|Win32
		{BBABEEA1-494C-4618-96E3-399873A5558B}.Release|Win32.Build.0 = Release|Win32
		{BBABEEA1-494C-4618-96E3-399873A5558B}.Release|x64.ActiveCfg = Release|Win32
		{BBABEEA1-494C-4618-96E3-399873A5558B}.Release|x86.ActiveCfg = Release|Win32
		{BBABEEA1-494C-4618-96E3-399873A5558B}.Release|x86.Build.0 = Release|Win32
		{820034C1-645D-4340-8813-D980C1EF77DE}.Debug Private Beta|Any CPU.ActiveCfg = Debug|Any CPU
		{820034C1-645D-4340-8813-D980C1EF77DE}.Debug Private Beta|Any CPU.Build.0 = Debug|Any CPU
		{820034C1-645D-4340-8813-D980C1EF77DE}.Debug Private Beta|ARM.ActiveCfg = Debug|ARM
		{820034C1-645D-4340-8813-D980C1EF77DE}.Debug Private Beta|ARM.Build.0 = Debug|ARM
		{820034C1-645D-4340-8813-D980C1EF77DE}.Debug Private Beta|Mixed Platforms.ActiveCfg = Debug|x86
		{820034C1-645D-4340-8813-D980C1EF77DE}.Debug Private Beta|Mixed Platforms.Build.0 = Debug|x86
		{820034C1-645D-4340-8813-D980C1EF77DE}.Debug Private Beta|Win32.ActiveCfg = Debug|x86
		{820034C1-645D-4340-8813-D980C1EF77DE}.Debug Private Beta|Win32.Build.0 = Debug|x86
		{820034C1-645D-4340-8813-D980C1EF77DE}.Debug Private Beta|x64.ActiveCfg = Debug|Any CPU
		{820034C1-645D-4340-8813-D980C1EF77DE}.Debug Private Beta|x86.ActiveCfg = Debug|x86
		{820034C1-645D-4340-8813-D980C1EF77DE}.Debug Private Beta|x86.Build.0 = Debug|x86
		{820034C1-645D-4340-8813-D980C1EF77DE}.Debug|Any CPU.ActiveCfg = Debug|Any CPU
		{820034C1-645D-4340-8813-D980C1EF77DE}.Debug|Any CPU.Build.0 = Debug|Any CPU
		{820034C1-645D-4340-8813-D980C1EF77DE}.Debug|ARM.ActiveCfg = Debug|ARM
		{820034C1-645D-4340-8813-D980C1EF77DE}.Debug|ARM.Build.0 = Debug|ARM
		{820034C1-645D-4340-8813-D980C1EF77DE}.Debug|Mixed Platforms.ActiveCfg = Debug|x86
		{820034C1-645D-4340-8813-D980C1EF77DE}.Debug|Mixed Platforms.Build.0 = Debug|x86
		{820034C1-645D-4340-8813-D980C1EF77DE}.Debug|Win32.ActiveCfg = Debug|x86
		{820034C1-645D-4340-8813-D980C1EF77DE}.Debug|Win32.Build.0 = Debug|x86
		{820034C1-645D-4340-8813-D980C1EF77DE}.Debug|x64.ActiveCfg = Debug|Any CPU
		{820034C1-645D-4340-8813-D980C1EF77DE}.Debug|x86.ActiveCfg = Debug|x86
		{820034C1-645D-4340-8813-D980C1EF77DE}.Debug|x86.Build.0 = Debug|x86
		{820034C1-645D-4340-8813-D980C1EF77DE}.Release Private Beta|Any CPU.ActiveCfg = Release|Any CPU
		{820034C1-645D-4340-8813-D980C1EF77DE}.Release Private Beta|Any CPU.Build.0 = Release|Any CPU
		{820034C1-645D-4340-8813-D980C1EF77DE}.Release Private Beta|ARM.ActiveCfg = Release|ARM
		{820034C1-645D-4340-8813-D980C1EF77DE}.Release Private Beta|ARM.Build.0 = Release|ARM
		{820034C1-645D-4340-8813-D980C1EF77DE}.Release Private Beta|Mixed Platforms.ActiveCfg = Release|x86
		{820034C1-645D-4340-8813-D980C1EF77DE}.Release Private Beta|Mixed Platforms.Build.0 = Release|x86
		{820034C1-645D-4340-8813-D980C1EF77DE}.Release Private Beta|Win32.ActiveCfg = Release|x86
		{820034C1-645D-4340-8813-D980C1EF77DE}.Release Private Beta|Win32.Build.0 = Release|x86
		{820034C1-645D-4340-8813-D980C1EF77DE}.Release Private Beta|x64.ActiveCfg = Release|Any CPU
		{820034C1-645D-4340-8813-D980C1EF77DE}.Release Private Beta|x86.ActiveCfg = Release|x86
		{820034C1-645D-4340-8813-D980C1EF77DE}.Release Private Beta|x86.Build.0 = Release|x86
		{820034C1-645D-4340-8813-D980C1EF77DE}.Release|Any CPU.ActiveCfg = Release|Any CPU
		{820034C1-645D-4340-8813-D980C1EF77DE}.Release|Any CPU.Build.0 = Release|Any CPU
		{820034C1-645D-4340-8813-D980C1EF77DE}.Release|ARM.ActiveCfg = Release|ARM
		{820034C1-645D-4340-8813-D980C1EF77DE}.Release|ARM.Build.0 = Release|ARM
		{820034C1-645D-4340-8813-D980C1EF77DE}.Release|Mixed Platforms.ActiveCfg = Release|x86
		{820034C1-645D-4340-8813-D980C1EF77DE}.Release|Mixed Platforms.Build.0 = Release|x86
		{820034C1-645D-4340-8813-D980C1EF77DE}.Release|Win32.ActiveCfg = Release|x86
		{820034C1-645D-4340-8813-D980C1EF77DE}.Release|Win32.Build.0 = Release|x86
		{820034C1-645D-4340-8813-D980C1EF77DE}.Release|x64.ActiveCfg = Release|Any CPU
		{820034C1-645D-4340-8813-D980C1EF77DE}.Release|x86.ActiveCfg = Release|x86
		{820034C1-645D-4340-8813-D980C1EF77DE}.Release|x86.Build.0 = Release|x86
		{B51DD8C5-335D-4A2D-B429-6D0F41ED0281}.Debug Private Beta|Any CPU.ActiveCfg = Debug|Win32
		{B51DD8C5-335D-4A2D-B429-6D0F41ED0281}.Debug Private Beta|ARM.ActiveCfg = Debug|ARM
		{B51DD8C5-335D-4A2D-B429-6D0F41ED0281}.Debug Private Beta|ARM.Build.0 = Debug|ARM
		{B51DD8C5-335D-4A2D-B429-6D0F41ED0281}.Debug Private Beta|Mixed Platforms.ActiveCfg = Debug|Win32
		{B51DD8C5-335D-4A2D-B429-6D0F41ED0281}.Debug Private Beta|Mixed Platforms.Build.0 = Debug|Win32
		{B51DD8C5-335D-4A2D-B429-6D0F41ED0281}.Debug Private Beta|Win32.ActiveCfg = Debug|Win32
		{B51DD8C5-335D-4A2D-B429-6D0F41ED0281}.Debug Private Beta|Win32.Build.0 = Debug|Win32
		{B51DD8C5-335D-4A2D-B429-6D0F41ED0281}.Debug Private Beta|x64.ActiveCfg = Debug|Win32
		{B51DD8C5-335D-4A2D-B429-6D0F41ED0281}.Debug Private Beta|x86.ActiveCfg = Debug|Win32
		{B51DD8C5-335D-4A2D-B429-6D0F41ED0281}.Debug Private Beta|x86.Build.0 = Debug|Win32
		{B51DD8C5-335D-4A2D-B429-6D0F41ED0281}.Debug|Any CPU.ActiveCfg = Debug|Win32
		{B51DD8C5-335D-4A2D-B429-6D0F41ED0281}.Debug|ARM.ActiveCfg = Debug|ARM
		{B51DD8C5-335D-4A2D-B429-6D0F41ED0281}.Debug|ARM.Build.0 = Debug|ARM
		{B51DD8C5-335D-4A2D-B429-6D0F41ED0281}.Debug|Mixed Platforms.ActiveCfg = Debug|Win32
		{B51DD8C5-335D-4A2D-B429-6D0F41ED0281}.Debug|Mixed Platforms.Build.0 = Debug|Win32
		{B51DD8C5-335D-4A2D-B429-6D0F41ED0281}.Debug|Win32.ActiveCfg = Debug|Win32
		{B51DD8C5-335D-4A2D-B429-6D0F41ED0281}.Debug|Win32.Build.0 = Debug|Win32
		{B51DD8C5-335D-4A2D-B429-6D0F41ED0281}.Debug|x64.ActiveCfg = Debug|Win32
		{B51DD8C5-335D-4A2D-B429-6D0F41ED0281}.Debug|x86.ActiveCfg = Debug|Win32
		{B51DD8C5-335D-4A2D-B429-6D0F41ED0281}.Debug|x86.Build.0 = Debug|Win32
		{B51DD8C5-335D-4A2D-B429-6D0F41ED0281}.Release Private Beta|Any CPU.ActiveCfg = Release|Win32
		{B51DD8C5-335D-4A2D-B429-6D0F41ED0281}.Release Private Beta|ARM.ActiveCfg = Release|ARM
		{B51DD8C5-335D-4A2D-B429-6D0F41ED0281}.Release Private Beta|ARM.Build.0 = Release|ARM
		{B51DD8C5-335D-4A2D-B429-6D0F41ED0281}.Release Private Beta|Mixed Platforms.ActiveCfg = Release|Win32
		{B51DD8C5-335D-4A2D-B429-6D0F41ED0281}.Release Private Beta|Mixed Platforms.Build.0 = Release|Win32
		{B51DD8C5-335D-4A2D-B429-6D0F41ED0281}.Release Private Beta|Win32.ActiveCfg = Release|Win32
		{B51DD8C5-335D-4A2D-B429-6D0F41ED0281}.Release Private Beta|Win32.Build.0 = Release|Win32
		{B51DD8C5-335D-4A2D-B429-6D0F41ED0281}.Release Private Beta|x64.ActiveCfg = Release|Win32
		{B51DD8C5-335D-4A2D-B429-6D0F41ED0281}.Release Private Beta|x86.ActiveCfg = Release|Win32
		{B51DD8C5-335D-4A2D-B429-6D0F41ED0281}.Release Private Beta|x86.Build.0 = Release|Win32
		{B51DD8C5-335D-4A2D-B429-6D0F41ED0281}.Release|Any CPU.ActiveCfg = Release|Win32
		{B51DD8C5-335D-4A2D-B429-6D0F41ED0281}.Release|ARM.ActiveCfg = Release|ARM
		{B51DD8C5-335D-4A2D-B429-6D0F41ED0281}.Release|ARM.Build.0 = Release|ARM
		{B51DD8C5-335D-4A2D-B429-6D0F41ED0281}.Release|Mixed Platforms.ActiveCfg = Release|Win32
		{B51DD8C5-335D-4A2D-B429-6D0F41ED0281}.Release|Mixed Platforms.Build.0 = Release|Win32
		{B51DD8C5-335D-4A2D-B429-6D0F41ED0281}.Release|Win32.ActiveCfg = Release|Win32
		{B51DD8C5-335D-4A2D-B429-6D0F41ED0281}.Release|Win32.Build.0 = Release|Win32
		{B51DD8C5-335D-4A2D-B429-6D0F41ED0281}.Release|x64.ActiveCfg = Release|Win32
		{B51DD8C5-335D-4A2D-B429-6D0F41ED0281}.Release|x86.ActiveCfg = Release|Win32
		{B51DD8C5-335D-4A2D-B429-6D0F41ED0281}.Release|x86.Build.0 = Release|Win32
		{CC7A35BF-AABC-411D-B911-AC037A781266}.Debug Private Beta|Any CPU.ActiveCfg = Debug|Win32
		{CC7A35BF-AABC-411D-B911-AC037A781266}.Debug Private Beta|ARM.ActiveCfg = Debug|ARM
		{CC7A35BF-AABC-411D-B911-AC037A781266}.Debug Private Beta|ARM.Build.0 = Debug|ARM
		{CC7A35BF-AABC-411D-B911-AC037A781266}.Debug Private Beta|Mixed Platforms.ActiveCfg = Debug|Win32
		{CC7A35BF-AABC-411D-B911-AC037A781266}.Debug Private Beta|Mixed Platforms.Build.0 = Debug|Win32
		{CC7A35BF-AABC-411D-B911-AC037A781266}.Debug Private Beta|Win32.ActiveCfg = Debug|Win32
		{CC7A35BF-AABC-411D-B911-AC037A781266}.Debug Private Beta|Win32.Build.0 = Debug|Win32
		{CC7A35BF-AABC-411D-B911-AC037A781266}.Debug Private Beta|x64.ActiveCfg = Debug|Win32
		{CC7A35BF-AABC-411D-B911-AC037A781266}.Debug Private Beta|x86.ActiveCfg = Debug|Win32
		{CC7A35BF-AABC-411D-B911-AC037A781266}.Debug Private Beta|x86.Build.0 = Debug|Win32
		{CC7A35BF-AABC-411D-B911-AC037A781266}.Debug|Any CPU.ActiveCfg = Debug|Win32
		{CC7A35BF-AABC-411D-B911-AC037A781266}.Debug|ARM.ActiveCfg = Debug|ARM
		{CC7A35BF-AABC-411D-B911-AC037A781266}.Debug|ARM.Build.0 = Debug|ARM
		{CC7A35BF-AABC-411D-B911-AC037A781266}.Debug|Mixed Platforms.ActiveCfg = Debug|Win32
		{CC7A35BF-AABC-411D-B911-AC037A781266}.Debug|Mixed Platforms.Build.0 = Debug|Win32
		{CC7A35BF-AABC-411D-B911-AC037A781266}.Debug|Win32.ActiveCfg = Debug|Win32
		{CC7A35BF-AABC-411D-B911-AC037A781266}.Debug|Win32.Build.0 = Debug|Win32
		{CC7A35BF-AABC-411D-B911-AC037A781266}.Debug|x64.ActiveCfg = Debug|Win32
		{CC7A35BF-AABC-411D-B911-AC037A781266}.Debug|x86.ActiveCfg = Debug|Win32
		{CC7A35BF-AABC-411D-B911-AC037A781266}.Debug|x86.Build.0 = Debug|Win32
		{CC7A35BF-AABC-411D-B911-AC037A781266}.Release Private Beta|Any CPU.ActiveCfg = Release|Win32
		{CC7A35BF-AABC-411D-B911-AC037A781266}.Release Private Beta|ARM.ActiveCfg = Release|ARM
		{CC7A35BF-AABC-411D-B911-AC037A781266}.Release Private Beta|ARM.Build.0 = Release|ARM
		{CC7A35BF-AABC-411D-B911-AC037A781266}.Release Private Beta|Mixed Platforms.ActiveCfg = Release|Win32
		{CC7A35BF-AABC-411D-B911-AC037A781266}.Release Private Beta|Mixed Platforms.Build.0 = Release|Win32
		{CC7A35BF-AABC-411D-B911-AC037A781266}.Release Private Beta|Win32.ActiveCfg = Release|Win32
		{CC7A35BF-AABC-411D-B911-AC037A781266}.Release Private Beta|Win32.Build.0 = Release|Win32
		{CC7A35BF-AABC-411D-B911-AC037A781266}.Release Private Beta|x64.ActiveCfg = Release|Win32
		{CC7A35BF-AABC-411D-B911-AC037A781266}.Release Private Beta|x86.ActiveCfg = Release|Win32
		{CC7A35BF-AABC-411D-B911-AC037A781266}.Release Private Beta|x86.Build.0 = Release|Win32
		{CC7A35BF-AABC-411D-B911-AC037A781266}.Release|Any CPU.ActiveCfg = Release|Win32
		{CC7A35BF-AABC-411D-B911-AC037A781266}.Release|ARM.ActiveCfg = Release|ARM
		{CC7A35BF-AABC-411D-B911-AC037A781266}.Release|ARM.Build.0 = Release|ARM
		{CC7A35BF-AABC-411D-B911-AC037A781266}.Release|Mixed Platforms.ActiveCfg = Release|Win32
		{CC7A35BF-AABC-411D-B911-AC037A781266}.Release|Mixed Platforms.Build.0 = Release|Win32
		{CC7A35BF-AABC-411D-B911-AC037A781266}.Release|Win32.ActiveCfg = Release|Win32
		{CC7A35BF-AABC-411D-B911-AC037A781266}.Release|Win32.Build.0 = Release|Win32
		{CC7A35BF-AABC-411D-B911-AC037A781266}.Release|x64.ActiveCfg = Release|Win32
		{CC7A35BF-AABC-411D-B911-AC037A781266}.Release|x86.ActiveCfg = Release|Win32
		{CC7A35BF-AABC-411D-B911-AC037A781266}.Release|x86.Build.0 = Release|Win32
	EndGlobalSection
	GlobalSection(SolutionProperties) = preSolution
		HideSolutionNode = FALSE
	EndGlobalSection
EndGlobal
